PODS:
  - AdobeMobileSDK (4.17.1):
    - AdobeMobileSDK/iOS (= 4.17.1)
  - AdobeMobileSDK/iOS (4.17.1)
  - Mixpanel-swift (2.4.5):
    - Mixpanel-swift/Complete (= 2.4.5)
  - Mixpanel-swift/Complete (2.4.5)
  - mParticle-Apple-SDK (7.8.1):
    - mParticle-Apple-SDK/mParticle (= 7.8.1)
  - mParticle-Apple-SDK/mParticle (7.8.1)
  - Simcoe/Adobe (2.0.0):
    - AdobeMobileSDK (~> 4.13)
    - Simcoe/Core
  - Simcoe/Core (2.0.0)
  - Simcoe/Mixpanel (2.0.0):
    - Mixpanel-swift (~> 2.4.4)
    - Simcoe/Core
  - Simcoe/mParticle (2.0.0):
    - mParticle-Apple-SDK (= 7.8.1)
    - Simcoe/Core

DEPENDENCIES:
  - AdobeMobileSDK (~> 4.13)
  - Mixpanel-swift (~> 2.4.4)
  - mParticle-Apple-SDK (= 7.8.1)
  - Simcoe/Adobe (from `./`)
  - Simcoe/Mixpanel (from `./`)
  - Simcoe/mParticle (from `./`)

EXTERNAL SOURCES:
  Simcoe:
    :path: ./

SPEC CHECKSUMS:
  AdobeMobileSDK: 38a87e30cbc8e18858257f37011c1fde9a0853b7
  Mixpanel-swift: a9ed3dd197d8f2837920cec6be1acdb51d07b31a
  mParticle-Apple-SDK: 988f392ae0f33e24af2b46f171c99b5500b7feee
  Simcoe: aa412d37a1c521848014af06e4c5a281d3651666

PODFILE CHECKSUM: 8d8a42d64db1433bbfb67a53162f9258ec0d74fb

COCOAPODS: 1.3.1
