PODS:
  - mParticle-Apple-SDK (6.0.6):
    - mParticle-Apple-SDK/mParticle (= 6.0.6)
  - mParticle-Apple-SDK/mParticle (6.0.6)
  - Simcoe/Core (0.4.0)
  - Simcoe/mParticle (0.4.0):
    - mParticle-Apple-SDK (~> 6)
    - Simcoe/Core

DEPENDENCIES:
  - Simcoe/mParticle (from `./`)

EXTERNAL SOURCES:
  Simcoe:
    :path: "./"

SPEC CHECKSUMS:
  mParticle-Apple-SDK: 360fb9c3dfa657b99ca34994ece0fb60f7c9022c
  Simcoe: ed00ba58a8cba6a7c6a2e88d7df87ab9a2a4b3fa

PODFILE CHECKSUM: 524cdc4b5c1b78e32dec58e8937b91610a4d3921

COCOAPODS: 1.0.1
