PODS:
  - AdobeMobileSDK (4.13.3):
    - AdobeMobileSDK/iOS (= 4.13.3)
  - AdobeMobileSDK/iOS (4.13.3)
  - mParticle-Apple-SDK (6.12.3):
    - mParticle-Apple-SDK/mParticle (= 6.12.3)
  - mParticle-Apple-SDK/mParticle (6.12.3)
  - Simcoe/Adobe (0.5.1):
    - AdobeMobileSDK (~> 4.13)
    - Simcoe/Core
  - Simcoe/Core (0.5.1)
  - Simcoe/mParticle (0.5.1):
    - mParticle-Apple-SDK (~> 6)
    - Simcoe/Core

DEPENDENCIES:
  - Simcoe/Adobe (from `https://github.com/prolificinteractive/simcoe.git`, branch `feature/swift3`)
  - Simcoe/mParticle (from `https://github.com/prolificinteractive/simcoe.git`, branch `feature/swift3`)

EXTERNAL SOURCES:
  Simcoe:
    :branch: feature/swift3
    :git: https://github.com/prolificinteractive/simcoe.git

CHECKOUT OPTIONS:
  Simcoe:
    :commit: 136fdc0e7bcc6940c53fd54daff71ffd65c9afb6
    :git: https://github.com/prolificinteractive/simcoe.git

SPEC CHECKSUMS:
  AdobeMobileSDK: 10bf49f2d5714b057615fbd9ade3ac2cfbff8316
  mParticle-Apple-SDK: aa8648804e27986d1a7df36f222e93ef9cee2e9f
  Simcoe: 11fe674388e2f4c5b3f90090f165f5150b8aabb8

PODFILE CHECKSUM: 854f299f4e979b60279d6b865805f12ffa66d397

COCOAPODS: 1.1.1
