// !$*UTF8*$!
{
	archiveVersion = 1;
	classes = {
	};
	objectVersion = 46;
	objects = {

/* Begin PBXBuildFile section */
		200562CA1E5D07750015AD55 /* SimcoeExampleTests.swift in Sources */ = {isa = PBXBuildFile; fileRef = 200562C91E5D07750015AD55 /* SimcoeExampleTests.swift */; };
/* End PBXBuildFile section */

/* Begin PBXContainerItemProxy section */
		200562C61E5D07750015AD55 /* PBXContainerItemProxy */ = {
			isa = PBXContainerItemProxy;
			containerPortal = 200562A91E5D07750015AD55 /* Project object */;
			proxyType = 1;
			remoteGlobalIDString = 200562B01E5D07750015AD55;
			remoteInfo = SimcoeExample;
		};
/* End PBXContainerItemProxy section */

/* Begin PBXFileReference section */
		200562B11E5D07750015AD55 /* SimcoeExample.app */ = {isa = PBXFileReference; explicitFileType = wrapper.application; includeInIndex = 0; path = SimcoeExample.app; sourceTree = BUILT_PRODUCTS_DIR; };
		200562C51E5D07750015AD55 /* SimcoeExampleTests.xctest */ = {isa = PBXFileReference; explicitFileType = wrapper.cfbundle; includeInIndex = 0; path = SimcoeExampleTests.xctest; sourceTree = BUILT_PRODUCTS_DIR; };
		200562C91E5D07750015AD55 /* SimcoeExampleTests.swift */ = {isa = PBXFileReference; lastKnownFileType = sourcecode.swift; path = SimcoeExampleTests.swift; sourceTree = "<group>"; };
		200562CB1E5D07750015AD55 /* Info.plist */ = {isa = PBXFileReference; lastKnownFileType = text.plist.xml; path = Info.plist; sourceTree = "<group>"; };
/* End PBXFileReference section */

/* Begin PBXFrameworksBuildPhase section */
		200562AE1E5D07750015AD55 /* Frameworks */ = {
			isa = PBXFrameworksBuildPhase;
			buildActionMask = 2147483647;
			files = (
			);
			runOnlyForDeploymentPostprocessing = 0;
		};
		200562C21E5D07750015AD55 /* Frameworks */ = {
			isa = PBXFrameworksBuildPhase;
			buildActionMask = 2147483647;
			files = (
			);
			runOnlyForDeploymentPostprocessing = 0;
		};
/* End PBXFrameworksBuildPhase section */

/* Begin PBXGroup section */
		200562A81E5D07750015AD55 = {
			isa = PBXGroup;
			children = (
				200562B31E5D07750015AD55 /* SimcoeExample */,
				200562C81E5D07750015AD55 /* SimcoeExampleTests */,
				200562B21E5D07750015AD55 /* Products */,
			);
			sourceTree = "<group>";
		};
		200562B21E5D07750015AD55 /* Products */ = {
			isa = PBXGroup;
			children = (
				200562B11E5D07750015AD55 /* SimcoeExample.app */,
				200562C51E5D07750015AD55 /* SimcoeExampleTests.xctest */,
			);
			name = Products;
			sourceTree = "<group>";
		};
		200562B31E5D07750015AD55 /* SimcoeExample */ = {
			isa = PBXGroup;
			children = (
			);
			path = SimcoeExample;
			sourceTree = "<group>";
		};
		200562C81E5D07750015AD55 /* SimcoeExampleTests */ = {
			isa = PBXGroup;
			children = (
				200562C91E5D07750015AD55 /* SimcoeExampleTests.swift */,
				200562CB1E5D07750015AD55 /* Info.plist */,
			);
			path = SimcoeExampleTests;
			sourceTree = "<group>";
		};
/* End PBXGroup section */

/* Begin PBXNativeTarget section */
		200562B01E5D07750015AD55 /* SimcoeExample */ = {
			isa = PBXNativeTarget;
			buildConfigurationList = 200562CE1E5D07750015AD55 /* Build configuration list for PBXNativeTarget "SimcoeExample" */;
			buildPhases = (
				200562AD1E5D07750015AD55 /* Sources */,
				200562AE1E5D07750015AD55 /* Frameworks */,
				200562AF1E5D07750015AD55 /* Resources */,
			);
			buildRules = (
			);
			dependencies = (
			);
			name = SimcoeExample;
			productName = SimcoeExample;
			productReference = 200562B11E5D07750015AD55 /* SimcoeExample.app */;
			productType = "com.apple.product-type.application";
		};
		200562C41E5D07750015AD55 /* SimcoeExampleTests */ = {
			isa = PBXNativeTarget;
			buildConfigurationList = 200562D11E5D07750015AD55 /* Build configuration list for PBXNativeTarget "SimcoeExampleTests" */;
			buildPhases = (
				200562C11E5D07750015AD55 /* Sources */,
				200562C21E5D07750015AD55 /* Frameworks */,
				200562C31E5D07750015AD55 /* Resources */,
			);
			buildRules = (
			);
			dependencies = (
				200562C71E5D07750015AD55 /* PBXTargetDependency */,
			);
			name = SimcoeExampleTests;
			productName = SimcoeExampleTests;
			productReference = 200562C51E5D07750015AD55 /* SimcoeExampleTests.xctest */;
			productType = "com.apple.product-type.bundle.unit-test";
		};
/* End PBXNativeTarget section */

/* Begin PBXProject section */
		200562A91E5D07750015AD55 /* Project object */ = {
			isa = PBXProject;
			attributes = {
				LastSwiftUpdateCheck = 0820;
				LastUpgradeCheck = 0820;
				ORGANIZATIONNAME = "Prolific Interactive";
				TargetAttributes = {
					200562B01E5D07750015AD55 = {
						CreatedOnToolsVersion = 8.2.1;
						DevelopmentTeam = 5ZZ7W4SB26;
						ProvisioningStyle = Automatic;
					};
					200562C41E5D07750015AD55 = {
						CreatedOnToolsVersion = 8.2.1;
						DevelopmentTeam = 5ZZ7W4SB26;
						ProvisioningStyle = Automatic;
						TestTargetID = 200562B01E5D07750015AD55;
					};
				};
			};
			buildConfigurationList = 200562AC1E5D07750015AD55 /* Build configuration list for PBXProject "SimcoeExample" */;
			compatibilityVersion = "Xcode 3.2";
			developmentRegion = English;
			hasScannedForEncodings = 0;
			knownRegions = (
				en,
				Base,
			);
			mainGroup = 200562A81E5D07750015AD55;
			productRefGroup = 200562B21E5D07750015AD55 /* Products */;
			projectDirPath = "";
			projectRoot = "";
			targets = (
				200562B01E5D07750015AD55 /* SimcoeExample */,
				200562C41E5D07750015AD55 /* SimcoeExampleTests */,
			);
		};
/* End PBXProject section */

/* Begin PBXResourcesBuildPhase section */
		200562AF1E5D07750015AD55 /* Resources */ = {
			isa = PBXResourcesBuildPhase;
			buildActionMask = 2147483647;
			files = (
			);
			runOnlyForDeploymentPostprocessing = 0;
		};
		200562C31E5D07750015AD55 /* Resources */ = {
			isa = PBXResourcesBuildPhase;
			buildActionMask = 2147483647;
			files = (
			);
			runOnlyForDeploymentPostprocessing = 0;
		};
/* End PBXResourcesBuildPhase section */

/* Begin PBXSourcesBuildPhase section */
		200562AD1E5D07750015AD55 /* Sources */ = {
			isa = PBXSourcesBuildPhase;
			buildActionMask = 2147483647;
			files = (
			);
			runOnlyForDeploymentPostprocessing = 0;
		};
		200562C11E5D07750015AD55 /* Sources */ = {
			isa = PBXSourcesBuildPhase;
			buildActionMask = 2147483647;
			files = (
				200562CA1E5D07750015AD55 /* SimcoeExampleTests.swift in Sources */,
			);
			runOnlyForDeploymentPostprocessing = 0;
		};
/* End PBXSourcesBuildPhase section */

/* Begin PBXTargetDependency section */
		200562C71E5D07750015AD55 /* PBXTargetDependency */ = {
			isa = PBXTargetDependency;
			target = 200562B01E5D07750015AD55 /* SimcoeExample */;
			targetProxy = 200562C61E5D07750015AD55 /* PBXContainerItemProxy */;
		};
/* End PBXTargetDependency section */

/* Begin XCBuildConfiguration section */
		200562CC1E5D07750015AD55 /* Debug */ = {
			isa = XCBuildConfiguration;
			buildSettings = {
				ALWAYS_SEARCH_USER_PATHS = NO;
				CLANG_ANALYZER_NONNULL = YES;
				CLANG_CXX_LANGUAGE_STANDARD = "gnu++0x";
				CLANG_CXX_LIBRARY = "libc++";
				CLANG_ENABLE_MODULES = YES;
				CLANG_ENABLE_OBJC_ARC = YES;
				CLANG_WARN_BOOL_CONVERSION = YES;
				CLANG_WARN_CONSTANT_CONVERSION = YES;
				CLANG_WARN_DIRECT_OBJC_ISA_USAGE = YES_ERROR;
				CLANG_WARN_DOCUMENTATION_COMMENTS = YES;
				CLANG_WARN_EMPTY_BODY = YES;
				CLANG_WARN_ENUM_CONVERSION = YES;
				CLANG_WARN_INFINITE_RECURSION = YES;
				CLANG_WARN_INT_CONVERSION = YES;
				CLANG_WARN_OBJC_ROOT_CLASS = YES_ERROR;
				CLANG_WARN_SUSPICIOUS_MOVE = YES;
				CLANG_WARN_UNREACHABLE_CODE = YES;
				CLANG_WARN__DUPLICATE_METHOD_MATCH = YES;
				"CODE_SIGN_IDENTITY[sdk=iphoneos*]" = "iPhone Developer";
				COPY_PHASE_STRIP = NO;
				DEBUG_INFORMATION_FORMAT = dwarf;
				ENABLE_STRICT_OBJC_MSGSEND = YES;
				ENABLE_TESTABILITY = YES;
				GCC_C_LANGUAGE_STANDARD = gnu99;
				GCC_DYNAMIC_NO_PIC = NO;
				GCC_NO_COMMON_BLOCKS = YES;
				GCC_OPTIMIZATION_LEVEL = 0;
				GCC_PREPROCESSOR_DEFINITIONS = (
					"DEBUG=1",
					"$(inherited)",
				);
				GCC_WARN_64_TO_32_BIT_CONVERSION = YES;
				GCC_WARN_ABOUT_RETURN_TYPE = YES_ERROR;
				GCC_WARN_UNDECLARED_SELECTOR = YES;
				GCC_WARN_UNINITIALIZED_AUTOS = YES_AGGRESSIVE;
				GCC_WARN_UNUSED_FUNCTION = YES;
				GCC_WARN_UNUSED_VARIABLE = YES;
				IPHONEOS_DEPLOYMENT_TARGET = 10.2;
				MTL_ENABLE_DEBUG_INFO = YES;
				ONLY_ACTIVE_ARCH = YES;
				SDKROOT = iphoneos;
				SWIFT_ACTIVE_COMPILATION_CONDITIONS = DEBUG;
				SWIFT_OPTIMIZATION_LEVEL = "-Onone";
			};
			name = Debug;
		};
		200562CD1E5D07750015AD55 /* Release */ = {
			isa = XCBuildConfiguration;
			buildSettings = {
				ALWAYS_SEARCH_USER_PATHS = NO;
				CLANG_ANALYZER_NONNULL = YES;
				CLANG_CXX_LANGUAGE_STANDARD = "gnu++0x";
				CLANG_CXX_LIBRARY = "libc++";
				CLANG_ENABLE_MODULES = YES;
				CLANG_ENABLE_OBJC_ARC = YES;
				CLANG_WARN_BOOL_CONVERSION = YES;
				CLANG_WARN_CONSTANT_CONVERSION = YES;
				CLANG_WARN_DIRECT_OBJC_ISA_USAGE = YES_ERROR;
				CLANG_WARN_DOCUMENTATION_COMMENTS = YES;
				CLANG_WARN_EMPTY_BODY = YES;
				CLANG_WARN_ENUM_CONVERSION = YES;
				CLANG_WARN_INFINITE_RECURSION = YES;
				CLANG_WARN_INT_CONVERSION = YES;
				CLANG_WARN_OBJC_ROOT_CLASS = YES_ERROR;
				CLANG_WARN_SUSPICIOUS_MOVE = YES;
				CLANG_WARN_UNREACHABLE_CODE = YES;
				CLANG_WARN__DUPLICATE_METHOD_MATCH = YES;
				"CODE_SIGN_IDENTITY[sdk=iphoneos*]" = "iPhone Developer";
				COPY_PHASE_STRIP = NO;
				DEBUG_INFORMATION_FORMAT = "dwarf-with-dsym";
				ENABLE_NS_ASSERTIONS = NO;
				ENABLE_STRICT_OBJC_MSGSEND = YES;
				GCC_C_LANGUAGE_STANDARD = gnu99;
				GCC_NO_COMMON_BLOCKS = YES;
				GCC_WARN_64_TO_32_BIT_CONVERSION = YES;
				GCC_WARN_ABOUT_RETURN_TYPE = YES_ERROR;
				GCC_WARN_UNDECLARED_SELECTOR = YES;
				GCC_WARN_UNINITIALIZED_AUTOS = YES_AGGRESSIVE;
				GCC_WARN_UNUSED_FUNCTION = YES;
				GCC_WARN_UNUSED_VARIABLE = YES;
				IPHONEOS_DEPLOYMENT_TARGET = 10.2;
				MTL_ENABLE_DEBUG_INFO = NO;
				SDKROOT = iphoneos;
				SWIFT_OPTIMIZATION_LEVEL = "-Owholemodule";
				VALIDATE_PRODUCT = YES;
			};
			name = Release;
		};
		200562CF1E5D07750015AD55 /* Debug */ = {
			isa = XCBuildConfiguration;
			buildSettings = {
				ASSETCATALOG_COMPILER_APPICON_NAME = AppIcon;
				DEVELOPMENT_TEAM = 5ZZ7W4SB26;
				INFOPLIST_FILE = SimcoeExample/Info.plist;
				LD_RUNPATH_SEARCH_PATHS = "$(inherited) @executable_path/Frameworks";
				PRODUCT_BUNDLE_IDENTIFIER = com.prolificinteractive.SimcoeExample;
				PRODUCT_NAME = "$(TARGET_NAME)";
				SWIFT_VERSION = 3.0;
			};
			name = Debug;
		};
		200562D01E5D07750015AD55 /* Release */ = {
			isa = XCBuildConfiguration;
			buildSettings = {
				ASSETCATALOG_COMPILER_APPICON_NAME = AppIcon;
				DEVELOPMENT_TEAM = 5ZZ7W4SB26;
				INFOPLIST_FILE = SimcoeExample/Info.plist;
				LD_RUNPATH_SEARCH_PATHS = "$(inherited) @executable_path/Frameworks";
				PRODUCT_BUNDLE_IDENTIFIER = com.prolificinteractive.SimcoeExample;
				PRODUCT_NAME = "$(TARGET_NAME)";
				SWIFT_VERSION = 3.0;
			};
			name = Release;
		};
		200562D21E5D07750015AD55 /* Debug */ = {
			isa = XCBuildConfiguration;
			buildSettings = {
				BUNDLE_LOADER = "$(TEST_HOST)";
				DEVELOPMENT_TEAM = 5ZZ7W4SB26;
				INFOPLIST_FILE = SimcoeExampleTests/Info.plist;
				LD_RUNPATH_SEARCH_PATHS = "$(inherited) @executable_path/Frameworks @loader_path/Frameworks";
				PRODUCT_BUNDLE_IDENTIFIER = com.prolificinteractive.SimcoeExampleTests;
				PRODUCT_NAME = "$(TARGET_NAME)";
				SWIFT_VERSION = 3.0;
				TEST_HOST = "$(BUILT_PRODUCTS_DIR)/SimcoeExample.app/SimcoeExample";
			};
			name = Debug;
		};
		200562D31E5D07750015AD55 /* Release */ = {
			isa = XCBuildConfiguration;
			buildSettings = {
				BUNDLE_LOADER = "$(TEST_HOST)";
				DEVELOPMENT_TEAM = 5ZZ7W4SB26;
				INFOPLIST_FILE = SimcoeExampleTests/Info.plist;
				LD_RUNPATH_SEARCH_PATHS = "$(inherited) @executable_path/Frameworks @loader_path/Frameworks";
				PRODUCT_BUNDLE_IDENTIFIER = com.prolificinteractive.SimcoeExampleTests;
				PRODUCT_NAME = "$(TARGET_NAME)";
				SWIFT_VERSION = 3.0;
				TEST_HOST = "$(BUILT_PRODUCTS_DIR)/SimcoeExample.app/SimcoeExample";
			};
			name = Release;
		};
/* End XCBuildConfiguration section */

/* Begin XCConfigurationList section */
		200562AC1E5D07750015AD55 /* Build configuration list for PBXProject "SimcoeExample" */ = {
			isa = XCConfigurationList;
			buildConfigurations = (
				200562CC1E5D07750015AD55 /* Debug */,
				200562CD1E5D07750015AD55 /* Release */,
			);
			defaultConfigurationIsVisible = 0;
			defaultConfigurationName = Release;
		};
		200562CE1E5D07750015AD55 /* Build configuration list for PBXNativeTarget "SimcoeExample" */ = {
			isa = XCConfigurationList;
			buildConfigurations = (
				200562CF1E5D07750015AD55 /* Debug */,
				200562D01E5D07750015AD55 /* Release */,
			);
			defaultConfigurationIsVisible = 0;
		};
		200562D11E5D07750015AD55 /* Build configuration list for PBXNativeTarget "SimcoeExampleTests" */ = {
			isa = XCConfigurationList;
			buildConfigurations = (
				200562D21E5D07750015AD55 /* Debug */,
				200562D31E5D07750015AD55 /* Release */,
			);
			defaultConfigurationIsVisible = 0;
		};
/* End XCConfigurationList section */
	};
	rootObject = 200562A91E5D07750015AD55 /* Project object */;
}
