// !$*UTF8*$!
{
	archiveVersion = 1;
	classes = {
	};
	objectVersion = 46;
	objects = {

/* Begin PBXBuildFile section */
		023B01D9A938F46EA9267C33 /* Pods_Simcoe_SimcoeTests.framework in Frameworks */ = {isa = PBXBuildFile; fileRef = 6FA69F4C737E782FBEFB8F74 /* Pods_Simcoe_SimcoeTests.framework */; };
		276A93C11DE60AA800774D9E /* Adobe.swift in Sources */ = {isa = PBXBuildFile; fileRef = F90A13AA1C738BC10074AC98 /* Adobe.swift */; };
		276A93CA1DE60AA800774D9E /* ConsoleOutput.swift in Sources */ = {isa = PBXBuildFile; fileRef = F90E8BD01C7B9131009556F4 /* ConsoleOutput.swift */; };
		276A93CB1DE60AA800774D9E /* EmptyProvider.swift in Sources */ = {isa = PBXBuildFile; fileRef = 72897FF31C7BF0C600393482 /* EmptyProvider.swift */; };
		276A93CC1DE60AA800774D9E /* ErrorHandlingOption.swift in Sources */ = {isa = PBXBuildFile; fileRef = F93043EA1C7B605500A90AFD /* ErrorHandlingOption.swift */; };
		276A93CD1DE60AA800774D9E /* Event.swift in Sources */ = {isa = PBXBuildFile; fileRef = F94E7CC51C723D95007E7873 /* Event.swift */; };
		276A93D31DE60AA800774D9E /* RemoteOutput.swift in Sources */ = {isa = PBXBuildFile; fileRef = F992879A1CB6F5B9009B62F8 /* RemoteOutput.swift */; };
		276A93D41DE60AA800774D9E /* Output.swift in Sources */ = {isa = PBXBuildFile; fileRef = F90E8BCE1C7B8FE3009556F4 /* Output.swift */; };
		276A93D51DE60AA800774D9E /* OutputOptions.swift in Sources */ = {isa = PBXBuildFile; fileRef = F938145C1C736E6600678BA2 /* OutputOptions.swift */; };
		276A93D61DE60AA800774D9E /* Properties.swift in Sources */ = {isa = PBXBuildFile; fileRef = F93043D51C77BFC900A90AFD /* Properties.swift */; };
		276A93D71DE60AA800774D9E /* Simcoe.swift in Sources */ = {isa = PBXBuildFile; fileRef = F93DF0411C6E7E0D007B3928 /* Simcoe.swift */; };
		276A93D81DE60AA800774D9E /* Tracker.swift in Sources */ = {isa = PBXBuildFile; fileRef = F94E7CC31C723D4F007E7873 /* Tracker.swift */; };
		276A93D91DE60AA800774D9E /* TrackingResult.swift in Sources */ = {isa = PBXBuildFile; fileRef = F93043EC1C7B66C900A90AFD /* TrackingResult.swift */; };
		276A93DA1DE60AA800774D9E /* WriteEvent.swift in Sources */ = {isa = PBXBuildFile; fileRef = F90E8BCC1C7B8471009556F4 /* WriteEvent.swift */; };
		276A947D1DE6590C00774D9E /* AnalyticsTracking.swift in Sources */ = {isa = PBXBuildFile; fileRef = 276A94721DE6590C00774D9E /* AnalyticsTracking.swift */; };
		276A947E1DE6590C00774D9E /* CartLogging.swift in Sources */ = {isa = PBXBuildFile; fileRef = 276A94731DE6590C00774D9E /* CartLogging.swift */; };
		276A947F1DE6590C00774D9E /* CheckoutTracking.swift in Sources */ = {isa = PBXBuildFile; fileRef = 276A94741DE6590C00774D9E /* CheckoutTracking.swift */; };
		276A94801DE6590C00774D9E /* ErrorLogging.swift in Sources */ = {isa = PBXBuildFile; fileRef = 276A94751DE6590C00774D9E /* ErrorLogging.swift */; };
		276A94811DE6590C00774D9E /* EventTracking.swift in Sources */ = {isa = PBXBuildFile; fileRef = 276A94761DE6590C00774D9E /* EventTracking.swift */; };
		276A94821DE6590C00774D9E /* LifetimeValueIncreasing.swift in Sources */ = {isa = PBXBuildFile; fileRef = 276A94771DE6590C00774D9E /* LifetimeValueIncreasing.swift */; };
		276A94831DE6590C00774D9E /* LocationTracking.swift in Sources */ = {isa = PBXBuildFile; fileRef = 276A94781DE6590C00774D9E /* LocationTracking.swift */; };
		276A94841DE6590C00774D9E /* PageViewTracking.swift in Sources */ = {isa = PBXBuildFile; fileRef = 276A94791DE6590C00774D9E /* PageViewTracking.swift */; };
		276A94851DE6590C00774D9E /* PurchaseTracking.swift in Sources */ = {isa = PBXBuildFile; fileRef = 276A947A1DE6590C00774D9E /* PurchaseTracking.swift */; };
		276A94861DE6590C00774D9E /* UserAttributeTracking.swift in Sources */ = {isa = PBXBuildFile; fileRef = 276A947B1DE6590C00774D9E /* UserAttributeTracking.swift */; };
		276A94871DE6590C00774D9E /* ViewDetailLogging.swift in Sources */ = {isa = PBXBuildFile; fileRef = 276A947C1DE6590C00774D9E /* ViewDetailLogging.swift */; };
		276A94891DE6593200774D9E /* EnumerationListable.swift in Sources */ = {isa = PBXBuildFile; fileRef = 276A94881DE6593200774D9E /* EnumerationListable.swift */; };
		276A94941DE6597700774D9E /* mParticle.swift in Sources */ = {isa = PBXBuildFile; fileRef = 276A948A1DE6597700774D9E /* mParticle.swift */; };
		276A94951DE6597700774D9E /* MPCommerceEvent+Simcoe.swift in Sources */ = {isa = PBXBuildFile; fileRef = 276A948B1DE6597700774D9E /* MPCommerceEvent+Simcoe.swift */; };
		276A94961DE6597700774D9E /* MPCommerceEventKeys.swift in Sources */ = {isa = PBXBuildFile; fileRef = 276A948C1DE6597700774D9E /* MPCommerceEventKeys.swift */; };
		276A94971DE6597700774D9E /* MPEvent+Simcoe.swift in Sources */ = {isa = PBXBuildFile; fileRef = 276A948D1DE6597700774D9E /* MPEvent+Simcoe.swift */; };
		276A94981DE6597700774D9E /* MPEventGenerationError.swift in Sources */ = {isa = PBXBuildFile; fileRef = 276A948E1DE6597700774D9E /* MPEventGenerationError.swift */; };
		276A94991DE6597700774D9E /* MPEventKeys.swift in Sources */ = {isa = PBXBuildFile; fileRef = 276A948F1DE6597700774D9E /* MPEventKeys.swift */; };
		276A949A1DE6597700774D9E /* MPProduct+Simcoe.swift in Sources */ = {isa = PBXBuildFile; fileRef = 276A94901DE6597700774D9E /* MPProduct+Simcoe.swift */; };
		276A949B1DE6597700774D9E /* MPProductKeys.swift in Sources */ = {isa = PBXBuildFile; fileRef = 276A94911DE6597700774D9E /* MPProductKeys.swift */; };
		276A949C1DE6597700774D9E /* MPTransactionAttributes+Simcoe.swift in Sources */ = {isa = PBXBuildFile; fileRef = 276A94921DE6597700774D9E /* MPTransactionAttributes+Simcoe.swift */; };
		276A949D1DE6597700774D9E /* MPTransactionAttributesKeys.swift in Sources */ = {isa = PBXBuildFile; fileRef = 276A94931DE6597700774D9E /* MPTransactionAttributesKeys.swift */; };
		276A94A21DE6598E00774D9E /* SimcoeProduct.swift in Sources */ = {isa = PBXBuildFile; fileRef = 276A949F1DE6598E00774D9E /* SimcoeProduct.swift */; };
		276A94A31DE6598E00774D9E /* SimcoeProductConvertible.swift in Sources */ = {isa = PBXBuildFile; fileRef = 276A94A01DE6598E00774D9E /* SimcoeProductConvertible.swift */; };
		276A94B01DE659A700774D9E /* CartLoggingFake.swift in Sources */ = {isa = PBXBuildFile; fileRef = 276A94A41DE659A700774D9E /* CartLoggingFake.swift */; };
		276A94B11DE659A700774D9E /* CheckoutTrackingFake.swift in Sources */ = {isa = PBXBuildFile; fileRef = 276A94A51DE659A700774D9E /* CheckoutTrackingFake.swift */; };
		276A94B21DE659A700774D9E /* ErrorLoggingFake.swift in Sources */ = {isa = PBXBuildFile; fileRef = 276A94A61DE659A700774D9E /* ErrorLoggingFake.swift */; };
		276A94B31DE659A700774D9E /* EventPropertiesFake.swift in Sources */ = {isa = PBXBuildFile; fileRef = 276A94A71DE659A700774D9E /* EventPropertiesFake.swift */; };
		276A94B41DE659A700774D9E /* EventTrackingFake.swift in Sources */ = {isa = PBXBuildFile; fileRef = 276A94A81DE659A700774D9E /* EventTrackingFake.swift */; };
		276A94B51DE659A700774D9E /* Failable.swift in Sources */ = {isa = PBXBuildFile; fileRef = 276A94A91DE659A700774D9E /* Failable.swift */; };
		276A94B71DE659A700774D9E /* LocationTrackingFake.swift in Sources */ = {isa = PBXBuildFile; fileRef = 276A94AB1DE659A700774D9E /* LocationTrackingFake.swift */; };
		276A94B81DE659A700774D9E /* OutputFake.swift in Sources */ = {isa = PBXBuildFile; fileRef = 276A94AC1DE659A700774D9E /* OutputFake.swift */; };
		276A94B91DE659A700774D9E /* PageViewTrackingFake.swift in Sources */ = {isa = PBXBuildFile; fileRef = 276A94AD1DE659A700774D9E /* PageViewTrackingFake.swift */; };
		276A94BA1DE659A700774D9E /* ProductFake.swift in Sources */ = {isa = PBXBuildFile; fileRef = 276A94AE1DE659A700774D9E /* ProductFake.swift */; };
		276A94BB1DE659A700774D9E /* UserAttributesFake.swift in Sources */ = {isa = PBXBuildFile; fileRef = 276A94AF1DE659A700774D9E /* UserAttributesFake.swift */; };
		2792AE2E1DA4606900FB1E28 /* MPEventTests.swift in Sources */ = {isa = PBXBuildFile; fileRef = 2792AE2D1DA4606900FB1E28 /* MPEventTests.swift */; };
		2D5888D01E64B27B0035C73D /* LifetimeValueTracking.swift in Sources */ = {isa = PBXBuildFile; fileRef = 2D5888CF1E64B27B0035C73D /* LifetimeValueTracking.swift */; };
		2D5888D21E64B3A20035C73D /* TimedEventTracking.swift in Sources */ = {isa = PBXBuildFile; fileRef = 2D5888D11E64B3A20035C73D /* TimedEventTracking.swift */; };
		2DB15D5D1E64DB380042DE7E /* LifetimeValueTrackingFake.swift in Sources */ = {isa = PBXBuildFile; fileRef = 2DB15D5C1E64DB380042DE7E /* LifetimeValueTrackingFake.swift */; };
		2DB15D5F1E64E3D30042DE7E /* TimedEventTrackingFake.swift in Sources */ = {isa = PBXBuildFile; fileRef = 2DB15D5E1E64E3D30042DE7E /* TimedEventTrackingFake.swift */; };
		2DB15D611E64E4EC0042DE7E /* PurchaseTrackingFake.swift in Sources */ = {isa = PBXBuildFile; fileRef = 2DB15D601E64E4EC0042DE7E /* PurchaseTrackingFake.swift */; };
		2DB15D631E64E60D0042DE7E /* ViewDetailLoggingFake.swift in Sources */ = {isa = PBXBuildFile; fileRef = 2DB15D621E64E60D0042DE7E /* ViewDetailLoggingFake.swift */; };
		2DB15D651E64F1760042DE7E /* SuperPropertyTracking.swift in Sources */ = {isa = PBXBuildFile; fileRef = 2DB15D641E64F1760042DE7E /* SuperPropertyTracking.swift */; };
		2DB15D671E64F47F0042DE7E /* SuperPropertyTrackingFake.swift in Sources */ = {isa = PBXBuildFile; fileRef = 2DB15D661E64F47F0042DE7E /* SuperPropertyTrackingFake.swift */; };
		2DB15D6E1E65B9F20042DE7E /* Mixpanel.swift in Sources */ = {isa = PBXBuildFile; fileRef = 2DB15D6D1E65B9F20042DE7E /* Mixpanel.swift */; };
		59A60EFA736D92D64FAFFB74 /* Pods_Simcoe.framework in Frameworks */ = {isa = PBXBuildFile; fileRef = 7A4BAED5FDA700FDC89B8644 /* Pods_Simcoe.framework */; };
		72897FE01C79E25800393482 /* SimcoeLoggingTests.swift in Sources */ = {isa = PBXBuildFile; fileRef = 72897FDF1C79E25800393482 /* SimcoeLoggingTests.swift */; };
		72897FE21C79E25800393482 /* Simcoe.framework in Frameworks */ = {isa = PBXBuildFile; fileRef = F902ED121C68FA07007975F5 /* Simcoe.framework */; };
		72897FF21C7A922C00393482 /* TrackerTests.swift in Sources */ = {isa = PBXBuildFile; fileRef = 72897FF11C7A922C00393482 /* TrackerTests.swift */; };
		F93DF0491C6E8009007B3928 /* Simcoe.h in Headers */ = {isa = PBXBuildFile; fileRef = F93DF0481C6E8009007B3928 /* Simcoe.h */; settings = {ATTRIBUTES = (Public, ); }; };
/* End PBXBuildFile section */

/* Begin PBXContainerItemProxy section */
		72897FE31C79E25800393482 /* PBXContainerItemProxy */ = {
			isa = PBXContainerItemProxy;
			containerPortal = F902ED091C68FA07007975F5 /* Project object */;
			proxyType = 1;
			remoteGlobalIDString = F902ED111C68FA07007975F5;
			remoteInfo = Simcoe;
		};
/* End PBXContainerItemProxy section */

/* Begin PBXFileReference section */
		2263C8490FF27BE31643EE8E /* Pods-Simcoe.release.xcconfig */ = {isa = PBXFileReference; includeInIndex = 1; lastKnownFileType = text.xcconfig; name = "Pods-Simcoe.release.xcconfig"; path = "Pods/Target Support Files/Pods-Simcoe/Pods-Simcoe.release.xcconfig"; sourceTree = "<group>"; };
		276A93A31DE608DF00774D9E /* README.md */ = {isa = PBXFileReference; lastKnownFileType = net.daringfireball.markdown; path = README.md; sourceTree = "<group>"; };
		276A93BA1DE6090900774D9E /* README.md */ = {isa = PBXFileReference; fileEncoding = 4; lastKnownFileType = net.daringfireball.markdown; path = README.md; sourceTree = "<group>"; };
		276A94721DE6590C00774D9E /* AnalyticsTracking.swift */ = {isa = PBXFileReference; fileEncoding = 4; lastKnownFileType = sourcecode.swift; path = AnalyticsTracking.swift; sourceTree = "<group>"; };
		276A94731DE6590C00774D9E /* CartLogging.swift */ = {isa = PBXFileReference; fileEncoding = 4; lastKnownFileType = sourcecode.swift; path = CartLogging.swift; sourceTree = "<group>"; };
		276A94741DE6590C00774D9E /* CheckoutTracking.swift */ = {isa = PBXFileReference; fileEncoding = 4; lastKnownFileType = sourcecode.swift; path = CheckoutTracking.swift; sourceTree = "<group>"; };
		276A94751DE6590C00774D9E /* ErrorLogging.swift */ = {isa = PBXFileReference; fileEncoding = 4; lastKnownFileType = sourcecode.swift; path = ErrorLogging.swift; sourceTree = "<group>"; };
		276A94761DE6590C00774D9E /* EventTracking.swift */ = {isa = PBXFileReference; fileEncoding = 4; lastKnownFileType = sourcecode.swift; path = EventTracking.swift; sourceTree = "<group>"; };
		276A94771DE6590C00774D9E /* LifetimeValueIncreasing.swift */ = {isa = PBXFileReference; fileEncoding = 4; lastKnownFileType = sourcecode.swift; path = LifetimeValueIncreasing.swift; sourceTree = "<group>"; };
		276A94781DE6590C00774D9E /* LocationTracking.swift */ = {isa = PBXFileReference; fileEncoding = 4; lastKnownFileType = sourcecode.swift; path = LocationTracking.swift; sourceTree = "<group>"; };
		276A94791DE6590C00774D9E /* PageViewTracking.swift */ = {isa = PBXFileReference; fileEncoding = 4; lastKnownFileType = sourcecode.swift; path = PageViewTracking.swift; sourceTree = "<group>"; };
		276A947A1DE6590C00774D9E /* PurchaseTracking.swift */ = {isa = PBXFileReference; fileEncoding = 4; lastKnownFileType = sourcecode.swift; path = PurchaseTracking.swift; sourceTree = "<group>"; };
		276A947B1DE6590C00774D9E /* UserAttributeTracking.swift */ = {isa = PBXFileReference; fileEncoding = 4; lastKnownFileType = sourcecode.swift; path = UserAttributeTracking.swift; sourceTree = "<group>"; };
		276A947C1DE6590C00774D9E /* ViewDetailLogging.swift */ = {isa = PBXFileReference; fileEncoding = 4; lastKnownFileType = sourcecode.swift; path = ViewDetailLogging.swift; sourceTree = "<group>"; };
		276A94881DE6593200774D9E /* EnumerationListable.swift */ = {isa = PBXFileReference; fileEncoding = 4; lastKnownFileType = sourcecode.swift; path = EnumerationListable.swift; sourceTree = "<group>"; };
		276A948A1DE6597700774D9E /* mParticle.swift */ = {isa = PBXFileReference; fileEncoding = 4; lastKnownFileType = sourcecode.swift; path = mParticle.swift; sourceTree = "<group>"; };
		276A948B1DE6597700774D9E /* MPCommerceEvent+Simcoe.swift */ = {isa = PBXFileReference; fileEncoding = 4; lastKnownFileType = sourcecode.swift; path = "MPCommerceEvent+Simcoe.swift"; sourceTree = "<group>"; };
		276A948C1DE6597700774D9E /* MPCommerceEventKeys.swift */ = {isa = PBXFileReference; fileEncoding = 4; lastKnownFileType = sourcecode.swift; path = MPCommerceEventKeys.swift; sourceTree = "<group>"; };
		276A948D1DE6597700774D9E /* MPEvent+Simcoe.swift */ = {isa = PBXFileReference; fileEncoding = 4; lastKnownFileType = sourcecode.swift; path = "MPEvent+Simcoe.swift"; sourceTree = "<group>"; };
		276A948E1DE6597700774D9E /* MPEventGenerationError.swift */ = {isa = PBXFileReference; fileEncoding = 4; lastKnownFileType = sourcecode.swift; path = MPEventGenerationError.swift; sourceTree = "<group>"; };
		276A948F1DE6597700774D9E /* MPEventKeys.swift */ = {isa = PBXFileReference; fileEncoding = 4; lastKnownFileType = sourcecode.swift; path = MPEventKeys.swift; sourceTree = "<group>"; };
		276A94901DE6597700774D9E /* MPProduct+Simcoe.swift */ = {isa = PBXFileReference; fileEncoding = 4; lastKnownFileType = sourcecode.swift; path = "MPProduct+Simcoe.swift"; sourceTree = "<group>"; };
		276A94911DE6597700774D9E /* MPProductKeys.swift */ = {isa = PBXFileReference; fileEncoding = 4; lastKnownFileType = sourcecode.swift; path = MPProductKeys.swift; sourceTree = "<group>"; };
		276A94921DE6597700774D9E /* MPTransactionAttributes+Simcoe.swift */ = {isa = PBXFileReference; fileEncoding = 4; lastKnownFileType = sourcecode.swift; path = "MPTransactionAttributes+Simcoe.swift"; sourceTree = "<group>"; };
		276A94931DE6597700774D9E /* MPTransactionAttributesKeys.swift */ = {isa = PBXFileReference; fileEncoding = 4; lastKnownFileType = sourcecode.swift; path = MPTransactionAttributesKeys.swift; sourceTree = "<group>"; };
		276A949E1DE6598E00774D9E /* RemoteOutput.swift */ = {isa = PBXFileReference; fileEncoding = 4; lastKnownFileType = sourcecode.swift; path = RemoteOutput.swift; sourceTree = "<group>"; };
		276A949F1DE6598E00774D9E /* SimcoeProduct.swift */ = {isa = PBXFileReference; fileEncoding = 4; lastKnownFileType = sourcecode.swift; path = SimcoeProduct.swift; sourceTree = "<group>"; };
		276A94A01DE6598E00774D9E /* SimcoeProductConvertible.swift */ = {isa = PBXFileReference; fileEncoding = 4; lastKnownFileType = sourcecode.swift; path = SimcoeProductConvertible.swift; sourceTree = "<group>"; };
		276A94A41DE659A700774D9E /* CartLoggingFake.swift */ = {isa = PBXFileReference; fileEncoding = 4; lastKnownFileType = sourcecode.swift; path = CartLoggingFake.swift; sourceTree = "<group>"; };
		276A94A51DE659A700774D9E /* CheckoutTrackingFake.swift */ = {isa = PBXFileReference; fileEncoding = 4; lastKnownFileType = sourcecode.swift; path = CheckoutTrackingFake.swift; sourceTree = "<group>"; };
		276A94A61DE659A700774D9E /* ErrorLoggingFake.swift */ = {isa = PBXFileReference; fileEncoding = 4; lastKnownFileType = sourcecode.swift; path = ErrorLoggingFake.swift; sourceTree = "<group>"; };
		276A94A71DE659A700774D9E /* EventPropertiesFake.swift */ = {isa = PBXFileReference; fileEncoding = 4; lastKnownFileType = sourcecode.swift; path = EventPropertiesFake.swift; sourceTree = "<group>"; };
		276A94A81DE659A700774D9E /* EventTrackingFake.swift */ = {isa = PBXFileReference; fileEncoding = 4; lastKnownFileType = sourcecode.swift; path = EventTrackingFake.swift; sourceTree = "<group>"; };
		276A94A91DE659A700774D9E /* Failable.swift */ = {isa = PBXFileReference; fileEncoding = 4; lastKnownFileType = sourcecode.swift; path = Failable.swift; sourceTree = "<group>"; };
		276A94AB1DE659A700774D9E /* LocationTrackingFake.swift */ = {isa = PBXFileReference; fileEncoding = 4; lastKnownFileType = sourcecode.swift; path = LocationTrackingFake.swift; sourceTree = "<group>"; };
		276A94AC1DE659A700774D9E /* OutputFake.swift */ = {isa = PBXFileReference; fileEncoding = 4; lastKnownFileType = sourcecode.swift; path = OutputFake.swift; sourceTree = "<group>"; };
		276A94AD1DE659A700774D9E /* PageViewTrackingFake.swift */ = {isa = PBXFileReference; fileEncoding = 4; lastKnownFileType = sourcecode.swift; path = PageViewTrackingFake.swift; sourceTree = "<group>"; };
		276A94AE1DE659A700774D9E /* ProductFake.swift */ = {isa = PBXFileReference; fileEncoding = 4; lastKnownFileType = sourcecode.swift; path = ProductFake.swift; sourceTree = "<group>"; };
		276A94AF1DE659A700774D9E /* UserAttributesFake.swift */ = {isa = PBXFileReference; fileEncoding = 4; lastKnownFileType = sourcecode.swift; path = UserAttributesFake.swift; sourceTree = "<group>"; };
		2792AE2D1DA4606900FB1E28 /* MPEventTests.swift */ = {isa = PBXFileReference; fileEncoding = 4; lastKnownFileType = sourcecode.swift; name = MPEventTests.swift; path = mParticle/MPEventTests.swift; sourceTree = "<group>"; };
		2D5888CF1E64B27B0035C73D /* LifetimeValueTracking.swift */ = {isa = PBXFileReference; fileEncoding = 4; lastKnownFileType = sourcecode.swift; path = LifetimeValueTracking.swift; sourceTree = "<group>"; };
		2D5888D11E64B3A20035C73D /* TimedEventTracking.swift */ = {isa = PBXFileReference; fileEncoding = 4; lastKnownFileType = sourcecode.swift; path = TimedEventTracking.swift; sourceTree = "<group>"; };
		2DB15D5C1E64DB380042DE7E /* LifetimeValueTrackingFake.swift */ = {isa = PBXFileReference; fileEncoding = 4; lastKnownFileType = sourcecode.swift; path = LifetimeValueTrackingFake.swift; sourceTree = "<group>"; };
		2DB15D5E1E64E3D30042DE7E /* TimedEventTrackingFake.swift */ = {isa = PBXFileReference; fileEncoding = 4; lastKnownFileType = sourcecode.swift; path = TimedEventTrackingFake.swift; sourceTree = "<group>"; };
		2DB15D601E64E4EC0042DE7E /* PurchaseTrackingFake.swift */ = {isa = PBXFileReference; fileEncoding = 4; lastKnownFileType = sourcecode.swift; path = PurchaseTrackingFake.swift; sourceTree = "<group>"; };
		2DB15D621E64E60D0042DE7E /* ViewDetailLoggingFake.swift */ = {isa = PBXFileReference; fileEncoding = 4; lastKnownFileType = sourcecode.swift; path = ViewDetailLoggingFake.swift; sourceTree = "<group>"; };
		2DB15D641E64F1760042DE7E /* SuperPropertyTracking.swift */ = {isa = PBXFileReference; fileEncoding = 4; lastKnownFileType = sourcecode.swift; path = SuperPropertyTracking.swift; sourceTree = "<group>"; };
		2DB15D661E64F47F0042DE7E /* SuperPropertyTrackingFake.swift */ = {isa = PBXFileReference; fileEncoding = 4; lastKnownFileType = sourcecode.swift; path = SuperPropertyTrackingFake.swift; sourceTree = "<group>"; };
		2DB15D6D1E65B9F20042DE7E /* Mixpanel.swift */ = {isa = PBXFileReference; fileEncoding = 4; lastKnownFileType = sourcecode.swift; path = Mixpanel.swift; sourceTree = "<group>"; };
		2DB6080F1E65CB9B00A997FB /* README.md */ = {isa = PBXFileReference; lastKnownFileType = net.daringfireball.markdown; path = README.md; sourceTree = "<group>"; };
		6FA69F4C737E782FBEFB8F74 /* Pods_Simcoe_SimcoeTests.framework */ = {isa = PBXFileReference; explicitFileType = wrapper.framework; includeInIndex = 0; path = Pods_Simcoe_SimcoeTests.framework; sourceTree = BUILT_PRODUCTS_DIR; };
		72897FDD1C79E25800393482 /* SimcoeTests.xctest */ = {isa = PBXFileReference; explicitFileType = wrapper.cfbundle; includeInIndex = 0; path = SimcoeTests.xctest; sourceTree = BUILT_PRODUCTS_DIR; };
		72897FDF1C79E25800393482 /* SimcoeLoggingTests.swift */ = {isa = PBXFileReference; lastKnownFileType = sourcecode.swift; path = SimcoeLoggingTests.swift; sourceTree = "<group>"; };
		72897FE11C79E25800393482 /* Info.plist */ = {isa = PBXFileReference; lastKnownFileType = text.plist.xml; path = Info.plist; sourceTree = "<group>"; };
		72897FF11C7A922C00393482 /* TrackerTests.swift */ = {isa = PBXFileReference; fileEncoding = 4; lastKnownFileType = sourcecode.swift; path = TrackerTests.swift; sourceTree = "<group>"; };
		72897FF31C7BF0C600393482 /* EmptyProvider.swift */ = {isa = PBXFileReference; fileEncoding = 4; lastKnownFileType = sourcecode.swift; path = EmptyProvider.swift; sourceTree = "<group>"; };
		7A4BAED5FDA700FDC89B8644 /* Pods_Simcoe.framework */ = {isa = PBXFileReference; explicitFileType = wrapper.framework; includeInIndex = 0; path = Pods_Simcoe.framework; sourceTree = BUILT_PRODUCTS_DIR; };
		A18E642889421D018D913538 /* Pods-Simcoe.debug.xcconfig */ = {isa = PBXFileReference; includeInIndex = 1; lastKnownFileType = text.xcconfig; name = "Pods-Simcoe.debug.xcconfig"; path = "Pods/Target Support Files/Pods-Simcoe/Pods-Simcoe.debug.xcconfig"; sourceTree = "<group>"; };
		BBEE38F8CE1EAE8EABE9AF83 /* Pods-Simcoe-SimcoeTests.release.xcconfig */ = {isa = PBXFileReference; includeInIndex = 1; lastKnownFileType = text.xcconfig; name = "Pods-Simcoe-SimcoeTests.release.xcconfig"; path = "Pods/Target Support Files/Pods-Simcoe-SimcoeTests/Pods-Simcoe-SimcoeTests.release.xcconfig"; sourceTree = "<group>"; };
		D53B75F6634370E7048F12FF /* Pods-Simcoe-SimcoeTests.debug.xcconfig */ = {isa = PBXFileReference; includeInIndex = 1; lastKnownFileType = text.xcconfig; name = "Pods-Simcoe-SimcoeTests.debug.xcconfig"; path = "Pods/Target Support Files/Pods-Simcoe-SimcoeTests/Pods-Simcoe-SimcoeTests.debug.xcconfig"; sourceTree = "<group>"; };
		F902ED121C68FA07007975F5 /* Simcoe.framework */ = {isa = PBXFileReference; explicitFileType = wrapper.framework; includeInIndex = 0; path = Simcoe.framework; sourceTree = BUILT_PRODUCTS_DIR; };
		F90A13A81C737F620074AC98 /* Simcoe.podspec */ = {isa = PBXFileReference; fileEncoding = 4; lastKnownFileType = text; path = Simcoe.podspec; sourceTree = "<group>"; };
		F90A13AA1C738BC10074AC98 /* Adobe.swift */ = {isa = PBXFileReference; fileEncoding = 4; lastKnownFileType = sourcecode.swift; path = Adobe.swift; sourceTree = "<group>"; };
		F90E8BCC1C7B8471009556F4 /* WriteEvent.swift */ = {isa = PBXFileReference; fileEncoding = 4; lastKnownFileType = sourcecode.swift; path = WriteEvent.swift; sourceTree = "<group>"; };
		F90E8BCE1C7B8FE3009556F4 /* Output.swift */ = {isa = PBXFileReference; fileEncoding = 4; lastKnownFileType = sourcecode.swift; path = Output.swift; sourceTree = "<group>"; };
		F90E8BD01C7B9131009556F4 /* ConsoleOutput.swift */ = {isa = PBXFileReference; fileEncoding = 4; lastKnownFileType = sourcecode.swift; path = ConsoleOutput.swift; sourceTree = "<group>"; };
		F929EF671C84BA1700280D89 /* README.md */ = {isa = PBXFileReference; fileEncoding = 4; lastKnownFileType = net.daringfireball.markdown; path = README.md; sourceTree = "<group>"; };
		F93043D51C77BFC900A90AFD /* Properties.swift */ = {isa = PBXFileReference; fileEncoding = 4; lastKnownFileType = sourcecode.swift; path = Properties.swift; sourceTree = "<group>"; };
		F93043EA1C7B605500A90AFD /* ErrorHandlingOption.swift */ = {isa = PBXFileReference; fileEncoding = 4; lastKnownFileType = sourcecode.swift; path = ErrorHandlingOption.swift; sourceTree = "<group>"; };
		F93043EC1C7B66C900A90AFD /* TrackingResult.swift */ = {isa = PBXFileReference; fileEncoding = 4; lastKnownFileType = sourcecode.swift; path = TrackingResult.swift; sourceTree = "<group>"; };
		F938145C1C736E6600678BA2 /* OutputOptions.swift */ = {isa = PBXFileReference; fileEncoding = 4; lastKnownFileType = sourcecode.swift; path = OutputOptions.swift; sourceTree = "<group>"; };
		F93D5CFF1C99BDCF0090FAA6 /* LICENSE */ = {isa = PBXFileReference; fileEncoding = 4; lastKnownFileType = text; path = LICENSE; sourceTree = "<group>"; };
		F93DF03F1C6E7E0D007B3928 /* Info.plist */ = {isa = PBXFileReference; fileEncoding = 4; lastKnownFileType = text.plist.xml; path = Info.plist; sourceTree = "<group>"; };
		F93DF0411C6E7E0D007B3928 /* Simcoe.swift */ = {isa = PBXFileReference; fileEncoding = 4; lastKnownFileType = sourcecode.swift; path = Simcoe.swift; sourceTree = "<group>"; };
		F93DF0481C6E8009007B3928 /* Simcoe.h */ = {isa = PBXFileReference; fileEncoding = 4; lastKnownFileType = sourcecode.c.h; path = Simcoe.h; sourceTree = "<group>"; };
		F94E7CC31C723D4F007E7873 /* Tracker.swift */ = {isa = PBXFileReference; fileEncoding = 4; lastKnownFileType = sourcecode.swift; path = Tracker.swift; sourceTree = "<group>"; };
		F94E7CC51C723D95007E7873 /* Event.swift */ = {isa = PBXFileReference; fileEncoding = 4; lastKnownFileType = sourcecode.swift; path = Event.swift; sourceTree = "<group>"; };
		F992879A1CB6F5B9009B62F8 /* RemoteOutput.swift */ = {isa = PBXFileReference; fileEncoding = 4; lastKnownFileType = sourcecode.swift; path = RemoteOutput.swift; sourceTree = "<group>"; };
/* End PBXFileReference section */

/* Begin PBXFrameworksBuildPhase section */
		72897FDA1C79E25800393482 /* Frameworks */ = {
			isa = PBXFrameworksBuildPhase;
			buildActionMask = 2147483647;
			files = (
				72897FE21C79E25800393482 /* Simcoe.framework in Frameworks */,
				023B01D9A938F46EA9267C33 /* Pods_Simcoe_SimcoeTests.framework in Frameworks */,
			);
			runOnlyForDeploymentPostprocessing = 0;
		};
		F902ED0E1C68FA07007975F5 /* Frameworks */ = {
			isa = PBXFrameworksBuildPhase;
			buildActionMask = 2147483647;
			files = (
				59A60EFA736D92D64FAFFB74 /* Pods_Simcoe.framework in Frameworks */,
			);
			runOnlyForDeploymentPostprocessing = 0;
		};
/* End PBXFrameworksBuildPhase section */

/* Begin PBXGroup section */
		07F7B1A3C42A61591353483C /* Frameworks */ = {
			isa = PBXGroup;
			children = (
				7A4BAED5FDA700FDC89B8644 /* Pods_Simcoe.framework */,
				6FA69F4C737E782FBEFB8F74 /* Pods_Simcoe_SimcoeTests.framework */,
			);
			name = Frameworks;
			sourceTree = "<group>";
		};
		276A93A41DE608EB00774D9E /* Analytics Tracking Protocols */ = {
			isa = PBXGroup;
			children = (
				276A94721DE6590C00774D9E /* AnalyticsTracking.swift */,
				276A94731DE6590C00774D9E /* CartLogging.swift */,
				276A94741DE6590C00774D9E /* CheckoutTracking.swift */,
				276A94751DE6590C00774D9E /* ErrorLogging.swift */,
				276A94761DE6590C00774D9E /* EventTracking.swift */,
				276A94771DE6590C00774D9E /* LifetimeValueIncreasing.swift */,
				2D5888CF1E64B27B0035C73D /* LifetimeValueTracking.swift */,
				276A94781DE6590C00774D9E /* LocationTracking.swift */,
				276A94791DE6590C00774D9E /* PageViewTracking.swift */,
				276A947A1DE6590C00774D9E /* PurchaseTracking.swift */,
				2DB15D641E64F1760042DE7E /* SuperPropertyTracking.swift */,
				2D5888D11E64B3A20035C73D /* TimedEventTracking.swift */,
				276A947B1DE6590C00774D9E /* UserAttributeTracking.swift */,
				276A947C1DE6590C00774D9E /* ViewDetailLogging.swift */,
			);
			path = "Analytics Tracking Protocols";
			sourceTree = "<group>";
		};
		2792AE2C1DA4600400FB1E28 /* mParticle */ = {
			isa = PBXGroup;
			children = (
				2792AE2D1DA4606900FB1E28 /* MPEventTests.swift */,
			);
			name = mParticle;
			sourceTree = "<group>";
		};
		2DB15D6C1E64FAEC0042DE7E /* Mixpanel */ = {
			isa = PBXGroup;
			children = (
				2DB15D6D1E65B9F20042DE7E /* Mixpanel.swift */,
				2DB6080F1E65CB9B00A997FB /* README.md */,
			);
			path = Mixpanel;
			sourceTree = "<group>";
		};
		6EC9CA1862EB4824462A8FA3 /* Pods */ = {
			isa = PBXGroup;
			children = (
				A18E642889421D018D913538 /* Pods-Simcoe.debug.xcconfig */,
				2263C8490FF27BE31643EE8E /* Pods-Simcoe.release.xcconfig */,
				D53B75F6634370E7048F12FF /* Pods-Simcoe-SimcoeTests.debug.xcconfig */,
				BBEE38F8CE1EAE8EABE9AF83 /* Pods-Simcoe-SimcoeTests.release.xcconfig */,
			);
			name = Pods;
			sourceTree = "<group>";
		};
		72897FDE1C79E25800393482 /* SimcoeTests */ = {
			isa = PBXGroup;
			children = (
				72897FE11C79E25800393482 /* Info.plist */,
				72897FE81C79E2A900393482 /* Mocks */,
				2792AE2C1DA4600400FB1E28 /* mParticle */,
				72897FDF1C79E25800393482 /* SimcoeLoggingTests.swift */,
				72897FF11C7A922C00393482 /* TrackerTests.swift */,
			);
			path = SimcoeTests;
			sourceTree = "<group>";
		};
		72897FE81C79E2A900393482 /* Mocks */ = {
			isa = PBXGroup;
			children = (
				276A94A41DE659A700774D9E /* CartLoggingFake.swift */,
				276A94A51DE659A700774D9E /* CheckoutTrackingFake.swift */,
				276A94A61DE659A700774D9E /* ErrorLoggingFake.swift */,
				276A94A71DE659A700774D9E /* EventPropertiesFake.swift */,
				276A94A81DE659A700774D9E /* EventTrackingFake.swift */,
				276A94A91DE659A700774D9E /* Failable.swift */,
				2DB15D5C1E64DB380042DE7E /* LifetimeValueTrackingFake.swift */,
				276A94AB1DE659A700774D9E /* LocationTrackingFake.swift */,
				276A94AC1DE659A700774D9E /* OutputFake.swift */,
				276A94AD1DE659A700774D9E /* PageViewTrackingFake.swift */,
				276A94AE1DE659A700774D9E /* ProductFake.swift */,
				2DB15D601E64E4EC0042DE7E /* PurchaseTrackingFake.swift */,
				2DB15D661E64F47F0042DE7E /* SuperPropertyTrackingFake.swift */,
				2DB15D5E1E64E3D30042DE7E /* TimedEventTrackingFake.swift */,
				276A94AF1DE659A700774D9E /* UserAttributesFake.swift */,
				2DB15D621E64E60D0042DE7E /* ViewDetailLoggingFake.swift */,
			);
			path = Mocks;
			sourceTree = "<group>";
		};
		F902ED081C68FA07007975F5 = {
			isa = PBXGroup;
			children = (
				F93D5CFF1C99BDCF0090FAA6 /* LICENSE */,
				F929EF671C84BA1700280D89 /* README.md */,
				F90A13A81C737F620074AC98 /* Simcoe.podspec */,
				F93DF03C1C6E7E0D007B3928 /* Simcoe */,
				72897FDE1C79E25800393482 /* SimcoeTests */,
				F902ED131C68FA07007975F5 /* Products */,
				6EC9CA1862EB4824462A8FA3 /* Pods */,
				07F7B1A3C42A61591353483C /* Frameworks */,
			);
			sourceTree = "<group>";
		};
		F902ED131C68FA07007975F5 /* Products */ = {
			isa = PBXGroup;
			children = (
				F902ED121C68FA07007975F5 /* Simcoe.framework */,
				72897FDD1C79E25800393482 /* SimcoeTests.xctest */,
			);
			name = Products;
			sourceTree = "<group>";
		};
		F90A13A51C737F050074AC98 /* mParticle */ = {
			isa = PBXGroup;
			children = (
				276A948A1DE6597700774D9E /* mParticle.swift */,
				276A948B1DE6597700774D9E /* MPCommerceEvent+Simcoe.swift */,
				276A948C1DE6597700774D9E /* MPCommerceEventKeys.swift */,
				276A948D1DE6597700774D9E /* MPEvent+Simcoe.swift */,
				276A948E1DE6597700774D9E /* MPEventGenerationError.swift */,
				276A948F1DE6597700774D9E /* MPEventKeys.swift */,
				276A94901DE6597700774D9E /* MPProduct+Simcoe.swift */,
				276A94911DE6597700774D9E /* MPProductKeys.swift */,
				276A94921DE6597700774D9E /* MPTransactionAttributes+Simcoe.swift */,
				276A94931DE6597700774D9E /* MPTransactionAttributesKeys.swift */,
				276A93BA1DE6090900774D9E /* README.md */,
			);
			path = mParticle;
			sourceTree = "<group>";
		};
		F93DF03C1C6E7E0D007B3928 /* Simcoe */ = {
			isa = PBXGroup;
			children = (
				2DB15D6C1E64FAEC0042DE7E /* Mixpanel */,
				F94E7CCC1C725D89007E7873 /* Adobe */,
				276A93A41DE608EB00774D9E /* Analytics Tracking Protocols */,
				F90E8BD01C7B9131009556F4 /* ConsoleOutput.swift */,
				72897FF31C7BF0C600393482 /* EmptyProvider.swift */,
				276A94881DE6593200774D9E /* EnumerationListable.swift */,
				F93043EA1C7B605500A90AFD /* ErrorHandlingOption.swift */,
				F94E7CC51C723D95007E7873 /* Event.swift */,
				F93DF03F1C6E7E0D007B3928 /* Info.plist */,
				F90A13A51C737F050074AC98 /* mParticle */,
				F99287991CB6F46F009B62F8 /* Networking */,
				F90E8BCE1C7B8FE3009556F4 /* Output.swift */,
				F938145C1C736E6600678BA2 /* OutputOptions.swift */,
				F93043D51C77BFC900A90AFD /* Properties.swift */,
				276A949E1DE6598E00774D9E /* RemoteOutput.swift */,
				F93DF0481C6E8009007B3928 /* Simcoe.h */,
				F93DF0411C6E7E0D007B3928 /* Simcoe.swift */,
				276A949F1DE6598E00774D9E /* SimcoeProduct.swift */,
				276A94A01DE6598E00774D9E /* SimcoeProductConvertible.swift */,
				F94E7CC31C723D4F007E7873 /* Tracker.swift */,
				F93043EC1C7B66C900A90AFD /* TrackingResult.swift */,
				F90E8BCC1C7B8471009556F4 /* WriteEvent.swift */,
			);
			path = Simcoe;
			sourceTree = "<group>";
		};
		F94E7CCC1C725D89007E7873 /* Adobe */ = {
			isa = PBXGroup;
			children = (
				F90A13AA1C738BC10074AC98 /* Adobe.swift */,
				276A93A31DE608DF00774D9E /* README.md */,
			);
			path = Adobe;
			sourceTree = "<group>";
		};
		F99287991CB6F46F009B62F8 /* Networking */ = {
			isa = PBXGroup;
			children = (
				F992879A1CB6F5B9009B62F8 /* RemoteOutput.swift */,
			);
			name = Networking;
			sourceTree = "<group>";
		};
/* End PBXGroup section */

/* Begin PBXHeadersBuildPhase section */
		F902ED0F1C68FA07007975F5 /* Headers */ = {
			isa = PBXHeadersBuildPhase;
			buildActionMask = 2147483647;
			files = (
				F93DF0491C6E8009007B3928 /* Simcoe.h in Headers */,
			);
			runOnlyForDeploymentPostprocessing = 0;
		};
/* End PBXHeadersBuildPhase section */

/* Begin PBXNativeTarget section */
		72897FDC1C79E25800393482 /* SimcoeTests */ = {
			isa = PBXNativeTarget;
			buildConfigurationList = 72897FE71C79E25800393482 /* Build configuration list for PBXNativeTarget "SimcoeTests" */;
			buildPhases = (
				3BD8A183EE1390D19A959186 /* [CP] Check Pods Manifest.lock */,
				72897FD91C79E25800393482 /* Sources */,
				72897FDA1C79E25800393482 /* Frameworks */,
				72897FDB1C79E25800393482 /* Resources */,
				B99F05908E2FDDC7F01163D5 /* [CP] Embed Pods Frameworks */,
				98A64BF87B545E271996A577 /* [CP] Copy Pods Resources */,
			);
			buildRules = (
			);
			dependencies = (
				72897FE41C79E25800393482 /* PBXTargetDependency */,
			);
			name = SimcoeTests;
			productName = SimcoeTests;
			productReference = 72897FDD1C79E25800393482 /* SimcoeTests.xctest */;
			productType = "com.apple.product-type.bundle.unit-test";
		};
		F902ED111C68FA07007975F5 /* Simcoe */ = {
			isa = PBXNativeTarget;
			buildConfigurationList = F902ED1A1C68FA07007975F5 /* Build configuration list for PBXNativeTarget "Simcoe" */;
			buildPhases = (
				369C307090F6F45749175A71 /* [CP] Check Pods Manifest.lock */,
				F902ED0D1C68FA07007975F5 /* Sources */,
				F902ED0E1C68FA07007975F5 /* Frameworks */,
				F902ED0F1C68FA07007975F5 /* Headers */,
				F902ED101C68FA07007975F5 /* Resources */,
				92508C4DD7CFB48C39292C10 /* [CP] Copy Pods Resources */,
			);
			buildRules = (
			);
			dependencies = (
			);
			name = Simcoe;
			productName = Pandalytics;
			productReference = F902ED121C68FA07007975F5 /* Simcoe.framework */;
			productType = "com.apple.product-type.framework";
		};
/* End PBXNativeTarget section */

/* Begin PBXProject section */
		F902ED091C68FA07007975F5 /* Project object */ = {
			isa = PBXProject;
			attributes = {
				LastSwiftUpdateCheck = 0720;
				LastUpgradeCheck = 0940;
				ORGANIZATIONNAME = "Prolific Interactive";
				TargetAttributes = {
					72897FDC1C79E25800393482 = {
						CreatedOnToolsVersion = 7.2;
						LastSwiftMigration = 0900;
					};
					F902ED111C68FA07007975F5 = {
						CreatedOnToolsVersion = 7.2;
						LastSwiftMigration = 0900;
					};
				};
			};
			buildConfigurationList = F902ED0C1C68FA07007975F5 /* Build configuration list for PBXProject "Simcoe" */;
			compatibilityVersion = "Xcode 3.2";
			developmentRegion = English;
			hasScannedForEncodings = 0;
			knownRegions = (
				en,
			);
			mainGroup = F902ED081C68FA07007975F5;
			productRefGroup = F902ED131C68FA07007975F5 /* Products */;
			projectDirPath = "";
			projectRoot = "";
			targets = (
				F902ED111C68FA07007975F5 /* Simcoe */,
				72897FDC1C79E25800393482 /* SimcoeTests */,
			);
		};
/* End PBXProject section */

/* Begin PBXResourcesBuildPhase section */
		72897FDB1C79E25800393482 /* Resources */ = {
			isa = PBXResourcesBuildPhase;
			buildActionMask = 2147483647;
			files = (
			);
			runOnlyForDeploymentPostprocessing = 0;
		};
		F902ED101C68FA07007975F5 /* Resources */ = {
			isa = PBXResourcesBuildPhase;
			buildActionMask = 2147483647;
			files = (
			);
			runOnlyForDeploymentPostprocessing = 0;
		};
/* End PBXResourcesBuildPhase section */

/* Begin PBXShellScriptBuildPhase section */
		369C307090F6F45749175A71 /* [CP] Check Pods Manifest.lock */ = {
			isa = PBXShellScriptBuildPhase;
			buildActionMask = 2147483647;
			files = (
			);
			inputPaths = (
				"${PODS_PODFILE_DIR_PATH}/Podfile.lock",
				"${PODS_ROOT}/Manifest.lock",
			);
			name = "[CP] Check Pods Manifest.lock";
			outputPaths = (
				"$(DERIVED_FILE_DIR)/Pods-Simcoe-checkManifestLockResult.txt",
			);
			runOnlyForDeploymentPostprocessing = 0;
			shellPath = /bin/sh;
			shellScript = "diff \"${PODS_PODFILE_DIR_PATH}/Podfile.lock\" \"${PODS_ROOT}/Manifest.lock\" > /dev/null\nif [ $? != 0 ] ; then\n    # print error to STDERR\n    echo \"error: The sandbox is not in sync with the Podfile.lock. Run 'pod install' or update your CocoaPods installation.\" >&2\n    exit 1\nfi\n# This output is used by Xcode 'outputs' to avoid re-running this script phase.\necho \"SUCCESS\" > \"${SCRIPT_OUTPUT_FILE_0}\"\n";
			showEnvVarsInLog = 0;
		};
		3BD8A183EE1390D19A959186 /* [CP] Check Pods Manifest.lock */ = {
			isa = PBXShellScriptBuildPhase;
			buildActionMask = 2147483647;
			files = (
			);
			inputPaths = (
				"${PODS_PODFILE_DIR_PATH}/Podfile.lock",
				"${PODS_ROOT}/Manifest.lock",
			);
			name = "[CP] Check Pods Manifest.lock";
			outputPaths = (
				"$(DERIVED_FILE_DIR)/Pods-Simcoe-SimcoeTests-checkManifestLockResult.txt",
			);
			runOnlyForDeploymentPostprocessing = 0;
			shellPath = /bin/sh;
			shellScript = "diff \"${PODS_PODFILE_DIR_PATH}/Podfile.lock\" \"${PODS_ROOT}/Manifest.lock\" > /dev/null\nif [ $? != 0 ] ; then\n    # print error to STDERR\n    echo \"error: The sandbox is not in sync with the Podfile.lock. Run 'pod install' or update your CocoaPods installation.\" >&2\n    exit 1\nfi\n# This output is used by Xcode 'outputs' to avoid re-running this script phase.\necho \"SUCCESS\" > \"${SCRIPT_OUTPUT_FILE_0}\"\n";
			showEnvVarsInLog = 0;
		};
		92508C4DD7CFB48C39292C10 /* [CP] Copy Pods Resources */ = {
			isa = PBXShellScriptBuildPhase;
			buildActionMask = 2147483647;
			files = (
			);
			inputPaths = (
			);
			name = "[CP] Copy Pods Resources";
			outputPaths = (
			);
			runOnlyForDeploymentPostprocessing = 0;
			shellPath = /bin/sh;
			shellScript = "\"${SRCROOT}/Pods/Target Support Files/Pods-Simcoe/Pods-Simcoe-resources.sh\"\n";
			showEnvVarsInLog = 0;
		};
		98A64BF87B545E271996A577 /* [CP] Copy Pods Resources */ = {
			isa = PBXShellScriptBuildPhase;
			buildActionMask = 2147483647;
			files = (
			);
			inputPaths = (
			);
			name = "[CP] Copy Pods Resources";
			outputPaths = (
			);
			runOnlyForDeploymentPostprocessing = 0;
			shellPath = /bin/sh;
			shellScript = "\"${SRCROOT}/Pods/Target Support Files/Pods-Simcoe-SimcoeTests/Pods-Simcoe-SimcoeTests-resources.sh\"\n";
			showEnvVarsInLog = 0;
		};
		B99F05908E2FDDC7F01163D5 /* [CP] Embed Pods Frameworks */ = {
			isa = PBXShellScriptBuildPhase;
			buildActionMask = 2147483647;
			files = (
			);
			inputPaths = (
				"${SRCROOT}/Pods/Target Support Files/Pods-Simcoe-SimcoeTests/Pods-Simcoe-SimcoeTests-frameworks.sh",
				"${BUILT_PRODUCTS_DIR}/AdobeMobileSDK/AdobeMobileSDK.framework",
				"${BUILT_PRODUCTS_DIR}/Mixpanel-swift/Mixpanel.framework",
				"${BUILT_PRODUCTS_DIR}/Simcoe/Simcoe.framework",
				"${BUILT_PRODUCTS_DIR}/mParticle-Apple-SDK/mParticle_Apple_SDK.framework",
			);
			name = "[CP] Embed Pods Frameworks";
			outputPaths = (
				"${TARGET_BUILD_DIR}/${FRAMEWORKS_FOLDER_PATH}/AdobeMobileSDK.framework",
				"${TARGET_BUILD_DIR}/${FRAMEWORKS_FOLDER_PATH}/Mixpanel.framework",
				"${TARGET_BUILD_DIR}/${FRAMEWORKS_FOLDER_PATH}/Simcoe.framework",
				"${TARGET_BUILD_DIR}/${FRAMEWORKS_FOLDER_PATH}/mParticle_Apple_SDK.framework",
			);
			runOnlyForDeploymentPostprocessing = 0;
			shellPath = /bin/sh;
			shellScript = "\"${SRCROOT}/Pods/Target Support Files/Pods-Simcoe-SimcoeTests/Pods-Simcoe-SimcoeTests-frameworks.sh\"\n";
			showEnvVarsInLog = 0;
		};
/* End PBXShellScriptBuildPhase section */

/* Begin PBXSourcesBuildPhase section */
		72897FD91C79E25800393482 /* Sources */ = {
			isa = PBXSourcesBuildPhase;
			buildActionMask = 2147483647;
			files = (
				2DB15D671E64F47F0042DE7E /* SuperPropertyTrackingFake.swift in Sources */,
				2DB15D5F1E64E3D30042DE7E /* TimedEventTrackingFake.swift in Sources */,
				2DB15D5D1E64DB380042DE7E /* LifetimeValueTrackingFake.swift in Sources */,
				2DB15D631E64E60D0042DE7E /* ViewDetailLoggingFake.swift in Sources */,
				276A94BA1DE659A700774D9E /* ProductFake.swift in Sources */,
				276A94B01DE659A700774D9E /* CartLoggingFake.swift in Sources */,
				276A94B21DE659A700774D9E /* ErrorLoggingFake.swift in Sources */,
				276A94B11DE659A700774D9E /* CheckoutTrackingFake.swift in Sources */,
				276A94B31DE659A700774D9E /* EventPropertiesFake.swift in Sources */,
				276A94B71DE659A700774D9E /* LocationTrackingFake.swift in Sources */,
				2792AE2E1DA4606900FB1E28 /* MPEventTests.swift in Sources */,
				72897FE01C79E25800393482 /* SimcoeLoggingTests.swift in Sources */,
				276A94BB1DE659A700774D9E /* UserAttributesFake.swift in Sources */,
				276A94B81DE659A700774D9E /* OutputFake.swift in Sources */,
				276A94B51DE659A700774D9E /* Failable.swift in Sources */,
				276A94B41DE659A700774D9E /* EventTrackingFake.swift in Sources */,
				2DB15D611E64E4EC0042DE7E /* PurchaseTrackingFake.swift in Sources */,
				276A94B91DE659A700774D9E /* PageViewTrackingFake.swift in Sources */,
				72897FF21C7A922C00393482 /* TrackerTests.swift in Sources */,
			);
			runOnlyForDeploymentPostprocessing = 0;
		};
		F902ED0D1C68FA07007975F5 /* Sources */ = {
			isa = PBXSourcesBuildPhase;
			buildActionMask = 2147483647;
			files = (
				276A93C11DE60AA800774D9E /* Adobe.swift in Sources */,
				276A93CA1DE60AA800774D9E /* ConsoleOutput.swift in Sources */,
				276A94961DE6597700774D9E /* MPCommerceEventKeys.swift in Sources */,
				276A94A31DE6598E00774D9E /* SimcoeProductConvertible.swift in Sources */,
				276A93CB1DE60AA800774D9E /* EmptyProvider.swift in Sources */,
				276A947F1DE6590C00774D9E /* CheckoutTracking.swift in Sources */,
				276A94861DE6590C00774D9E /* UserAttributeTracking.swift in Sources */,
				276A94941DE6597700774D9E /* mParticle.swift in Sources */,
				276A94841DE6590C00774D9E /* PageViewTracking.swift in Sources */,
				276A93CC1DE60AA800774D9E /* ErrorHandlingOption.swift in Sources */,
				276A94971DE6597700774D9E /* MPEvent+Simcoe.swift in Sources */,
				276A93CD1DE60AA800774D9E /* Event.swift in Sources */,
				276A94831DE6590C00774D9E /* LocationTracking.swift in Sources */,
				276A94851DE6590C00774D9E /* PurchaseTracking.swift in Sources */,
				276A94811DE6590C00774D9E /* EventTracking.swift in Sources */,
				276A94871DE6590C00774D9E /* ViewDetailLogging.swift in Sources */,
				276A947D1DE6590C00774D9E /* AnalyticsTracking.swift in Sources */,
				276A93D31DE60AA800774D9E /* RemoteOutput.swift in Sources */,
				276A93D41DE60AA800774D9E /* Output.swift in Sources */,
				276A93D51DE60AA800774D9E /* OutputOptions.swift in Sources */,
				276A93D61DE60AA800774D9E /* Properties.swift in Sources */,
				276A94801DE6590C00774D9E /* ErrorLogging.swift in Sources */,
				2D5888D21E64B3A20035C73D /* TimedEventTracking.swift in Sources */,
				276A94991DE6597700774D9E /* MPEventKeys.swift in Sources */,
				276A93D71DE60AA800774D9E /* Simcoe.swift in Sources */,
				276A94981DE6597700774D9E /* MPEventGenerationError.swift in Sources */,
				276A94951DE6597700774D9E /* MPCommerceEvent+Simcoe.swift in Sources */,
				276A93D81DE60AA800774D9E /* Tracker.swift in Sources */,
				276A949C1DE6597700774D9E /* MPTransactionAttributes+Simcoe.swift in Sources */,
				276A949B1DE6597700774D9E /* MPProductKeys.swift in Sources */,
				276A949A1DE6597700774D9E /* MPProduct+Simcoe.swift in Sources */,
				276A94891DE6593200774D9E /* EnumerationListable.swift in Sources */,
				276A94A21DE6598E00774D9E /* SimcoeProduct.swift in Sources */,
				276A947E1DE6590C00774D9E /* CartLogging.swift in Sources */,
				276A93D91DE60AA800774D9E /* TrackingResult.swift in Sources */,
				276A93DA1DE60AA800774D9E /* WriteEvent.swift in Sources */,
				2DB15D6E1E65B9F20042DE7E /* Mixpanel.swift in Sources */,
				2D5888D01E64B27B0035C73D /* LifetimeValueTracking.swift in Sources */,
				2DB15D651E64F1760042DE7E /* SuperPropertyTracking.swift in Sources */,
				276A94821DE6590C00774D9E /* LifetimeValueIncreasing.swift in Sources */,
				276A949D1DE6597700774D9E /* MPTransactionAttributesKeys.swift in Sources */,
			);
			runOnlyForDeploymentPostprocessing = 0;
		};
/* End PBXSourcesBuildPhase section */

/* Begin PBXTargetDependency section */
		72897FE41C79E25800393482 /* PBXTargetDependency */ = {
			isa = PBXTargetDependency;
			target = F902ED111C68FA07007975F5 /* Simcoe */;
			targetProxy = 72897FE31C79E25800393482 /* PBXContainerItemProxy */;
		};
/* End PBXTargetDependency section */

/* Begin XCBuildConfiguration section */
		72897FE51C79E25800393482 /* Debug */ = {
			isa = XCBuildConfiguration;
			baseConfigurationReference = D53B75F6634370E7048F12FF /* Pods-Simcoe-SimcoeTests.debug.xcconfig */;
			buildSettings = {
				INFOPLIST_FILE = SimcoeTests/Info.plist;
				LD_RUNPATH_SEARCH_PATHS = "$(inherited) @executable_path/Frameworks @loader_path/Frameworks";
				PRODUCT_BUNDLE_IDENTIFIER = com.prolificinteractive.SimcoeTests;
				PRODUCT_NAME = "$(TARGET_NAME)";
				SWIFT_SWIFT3_OBJC_INFERENCE = Off;
				SWIFT_VERSION = 4.0;
			};
			name = Debug;
		};
		72897FE61C79E25800393482 /* Release */ = {
			isa = XCBuildConfiguration;
			baseConfigurationReference = BBEE38F8CE1EAE8EABE9AF83 /* Pods-Simcoe-SimcoeTests.release.xcconfig */;
			buildSettings = {
				INFOPLIST_FILE = SimcoeTests/Info.plist;
				LD_RUNPATH_SEARCH_PATHS = "$(inherited) @executable_path/Frameworks @loader_path/Frameworks";
				PRODUCT_BUNDLE_IDENTIFIER = com.prolificinteractive.SimcoeTests;
				PRODUCT_NAME = "$(TARGET_NAME)";
				SWIFT_SWIFT3_OBJC_INFERENCE = Off;
				SWIFT_VERSION = 4.0;
			};
			name = Release;
		};
		F902ED181C68FA07007975F5 /* Debug */ = {
			isa = XCBuildConfiguration;
			buildSettings = {
				ALWAYS_EMBED_SWIFT_STANDARD_LIBRARIES = NO;
				ALWAYS_SEARCH_USER_PATHS = NO;
				CLANG_CXX_LANGUAGE_STANDARD = "gnu++0x";
				CLANG_CXX_LIBRARY = "libc++";
				CLANG_ENABLE_MODULES = YES;
				CLANG_ENABLE_OBJC_ARC = YES;
				CLANG_WARN_BLOCK_CAPTURE_AUTORELEASING = YES;
				CLANG_WARN_BOOL_CONVERSION = YES;
				CLANG_WARN_COMMA = YES;
				CLANG_WARN_CONSTANT_CONVERSION = YES;
				CLANG_WARN_DEPRECATED_OBJC_IMPLEMENTATIONS = YES;
				CLANG_WARN_DIRECT_OBJC_ISA_USAGE = YES_ERROR;
				CLANG_WARN_EMPTY_BODY = YES;
				CLANG_WARN_ENUM_CONVERSION = YES;
				CLANG_WARN_INFINITE_RECURSION = YES;
				CLANG_WARN_INT_CONVERSION = YES;
				CLANG_WARN_NON_LITERAL_NULL_CONVERSION = YES;
				CLANG_WARN_OBJC_IMPLICIT_RETAIN_SELF = YES;
				CLANG_WARN_OBJC_LITERAL_CONVERSION = YES;
				CLANG_WARN_OBJC_ROOT_CLASS = YES_ERROR;
				CLANG_WARN_RANGE_LOOP_ANALYSIS = YES;
				CLANG_WARN_STRICT_PROTOTYPES = YES;
				CLANG_WARN_SUSPICIOUS_MOVE = YES;
				CLANG_WARN_UNREACHABLE_CODE = YES;
				CLANG_WARN__DUPLICATE_METHOD_MATCH = YES;
				"CODE_SIGN_IDENTITY[sdk=iphoneos*]" = "iPhone Developer";
				COPY_PHASE_STRIP = NO;
				CURRENT_PROJECT_VERSION = 1;
				DEBUG_INFORMATION_FORMAT = dwarf;
				ENABLE_STRICT_OBJC_MSGSEND = YES;
				ENABLE_TESTABILITY = YES;
				GCC_C_LANGUAGE_STANDARD = gnu99;
				GCC_DYNAMIC_NO_PIC = NO;
				GCC_NO_COMMON_BLOCKS = YES;
				GCC_OPTIMIZATION_LEVEL = 0;
				GCC_PREPROCESSOR_DEFINITIONS = (
					"DEBUG=1",
					"$(inherited)",
				);
				GCC_WARN_64_TO_32_BIT_CONVERSION = YES;
				GCC_WARN_ABOUT_RETURN_TYPE = YES_ERROR;
				GCC_WARN_UNDECLARED_SELECTOR = YES;
				GCC_WARN_UNINITIALIZED_AUTOS = YES_AGGRESSIVE;
				GCC_WARN_UNUSED_FUNCTION = YES;
				GCC_WARN_UNUSED_VARIABLE = YES;
				IPHONEOS_DEPLOYMENT_TARGET = 8.0;
				MTL_ENABLE_DEBUG_INFO = YES;
				ONLY_ACTIVE_ARCH = YES;
				SDKROOT = iphoneos;
				SWIFT_OPTIMIZATION_LEVEL = "-Onone";
				SWIFT_VERSION = 4.0;
				TARGETED_DEVICE_FAMILY = "1,2";
				VERSIONING_SYSTEM = "apple-generic";
				VERSION_INFO_PREFIX = "";
			};
			name = Debug;
		};
		F902ED191C68FA07007975F5 /* Release */ = {
			isa = XCBuildConfiguration;
			buildSettings = {
				ALWAYS_EMBED_SWIFT_STANDARD_LIBRARIES = NO;
				ALWAYS_SEARCH_USER_PATHS = NO;
				CLANG_CXX_LANGUAGE_STANDARD = "gnu++0x";
				CLANG_CXX_LIBRARY = "libc++";
				CLANG_ENABLE_MODULES = YES;
				CLANG_ENABLE_OBJC_ARC = YES;
				CLANG_WARN_BLOCK_CAPTURE_AUTORELEASING = YES;
				CLANG_WARN_BOOL_CONVERSION = YES;
				CLANG_WARN_COMMA = YES;
				CLANG_WARN_CONSTANT_CONVERSION = YES;
				CLANG_WARN_DEPRECATED_OBJC_IMPLEMENTATIONS = YES;
				CLANG_WARN_DIRECT_OBJC_ISA_USAGE = YES_ERROR;
				CLANG_WARN_EMPTY_BODY = YES;
				CLANG_WARN_ENUM_CONVERSION = YES;
				CLANG_WARN_INFINITE_RECURSION = YES;
				CLANG_WARN_INT_CONVERSION = YES;
				CLANG_WARN_NON_LITERAL_NULL_CONVERSION = YES;
				CLANG_WARN_OBJC_IMPLICIT_RETAIN_SELF = YES;
				CLANG_WARN_OBJC_LITERAL_CONVERSION = YES;
				CLANG_WARN_OBJC_ROOT_CLASS = YES_ERROR;
				CLANG_WARN_RANGE_LOOP_ANALYSIS = YES;
				CLANG_WARN_STRICT_PROTOTYPES = YES;
				CLANG_WARN_SUSPICIOUS_MOVE = YES;
				CLANG_WARN_UNREACHABLE_CODE = YES;
				CLANG_WARN__DUPLICATE_METHOD_MATCH = YES;
				"CODE_SIGN_IDENTITY[sdk=iphoneos*]" = "iPhone Developer";
				COPY_PHASE_STRIP = NO;
				CURRENT_PROJECT_VERSION = 1;
				DEBUG_INFORMATION_FORMAT = "dwarf-with-dsym";
				ENABLE_NS_ASSERTIONS = NO;
				ENABLE_STRICT_OBJC_MSGSEND = YES;
				GCC_C_LANGUAGE_STANDARD = gnu99;
				GCC_NO_COMMON_BLOCKS = YES;
				GCC_WARN_64_TO_32_BIT_CONVERSION = YES;
				GCC_WARN_ABOUT_RETURN_TYPE = YES_ERROR;
				GCC_WARN_UNDECLARED_SELECTOR = YES;
				GCC_WARN_UNINITIALIZED_AUTOS = YES_AGGRESSIVE;
				GCC_WARN_UNUSED_FUNCTION = YES;
				GCC_WARN_UNUSED_VARIABLE = YES;
				IPHONEOS_DEPLOYMENT_TARGET = 8.0;
				MTL_ENABLE_DEBUG_INFO = NO;
				SDKROOT = iphoneos;
				SWIFT_OPTIMIZATION_LEVEL = "-Owholemodule";
				SWIFT_VERSION = 4.0;
				TARGETED_DEVICE_FAMILY = "1,2";
				VALIDATE_PRODUCT = YES;
				VERSIONING_SYSTEM = "apple-generic";
				VERSION_INFO_PREFIX = "";
			};
			name = Release;
		};
		F902ED1B1C68FA07007975F5 /* Debug */ = {
			isa = XCBuildConfiguration;
			baseConfigurationReference = A18E642889421D018D913538 /* Pods-Simcoe.debug.xcconfig */;
			buildSettings = {
				CLANG_ENABLE_MODULES = YES;
				"CODE_SIGN_IDENTITY[sdk=iphoneos*]" = "";
				DEFINES_MODULE = YES;
				DYLIB_COMPATIBILITY_VERSION = 1;
				DYLIB_CURRENT_VERSION = 1;
				DYLIB_INSTALL_NAME_BASE = "@rpath";
				ENABLE_TESTABILITY = YES;
				INFOPLIST_FILE = Simcoe/Info.plist;
				INSTALL_PATH = "$(LOCAL_LIBRARY_DIR)/Frameworks";
				LD_RUNPATH_SEARCH_PATHS = "$(inherited) @executable_path/Frameworks @loader_path/Frameworks";
				MODULE_NAME = "";
				PRODUCT_BUNDLE_IDENTIFIER = com.prolificinteractive.Simcoe;
				PRODUCT_NAME = Simcoe;
				SKIP_INSTALL = YES;
				SWIFT_OBJC_BRIDGING_HEADER = "";
				SWIFT_OPTIMIZATION_LEVEL = "-Onone";
				SWIFT_SWIFT3_OBJC_INFERENCE = Off;
				SWIFT_VERSION = 4.0;
			};
			name = Debug;
		};
		F902ED1C1C68FA07007975F5 /* Release */ = {
			isa = XCBuildConfiguration;
			baseConfigurationReference = 2263C8490FF27BE31643EE8E /* Pods-Simcoe.release.xcconfig */;
			buildSettings = {
				CLANG_ENABLE_MODULES = YES;
				"CODE_SIGN_IDENTITY[sdk=iphoneos*]" = "";
				DEFINES_MODULE = YES;
				DYLIB_COMPATIBILITY_VERSION = 1;
				DYLIB_CURRENT_VERSION = 1;
				DYLIB_INSTALL_NAME_BASE = "@rpath";
				ENABLE_TESTABILITY = NO;
				INFOPLIST_FILE = Simcoe/Info.plist;
				INSTALL_PATH = "$(LOCAL_LIBRARY_DIR)/Frameworks";
				LD_RUNPATH_SEARCH_PATHS = "$(inherited) @executable_path/Frameworks @loader_path/Frameworks";
				MODULE_NAME = "";
				PRODUCT_BUNDLE_IDENTIFIER = com.prolificinteractive.Simcoe;
				PRODUCT_NAME = Simcoe;
				SKIP_INSTALL = YES;
				SWIFT_OBJC_BRIDGING_HEADER = "";
				SWIFT_SWIFT3_OBJC_INFERENCE = Off;
				SWIFT_VERSION = 4.0;
			};
			name = Release;
		};
/* End XCBuildConfiguration section */

/* Begin XCConfigurationList section */
		72897FE71C79E25800393482 /* Build configuration list for PBXNativeTarget "SimcoeTests" */ = {
			isa = XCConfigurationList;
			buildConfigurations = (
				72897FE51C79E25800393482 /* Debug */,
				72897FE61C79E25800393482 /* Release */,
			);
			defaultConfigurationIsVisible = 0;
			defaultConfigurationName = Release;
		};
		F902ED0C1C68FA07007975F5 /* Build configuration list for PBXProject "Simcoe" */ = {
			isa = XCConfigurationList;
			buildConfigurations = (
				F902ED181C68FA07007975F5 /* Debug */,
				F902ED191C68FA07007975F5 /* Release */,
			);
			defaultConfigurationIsVisible = 0;
			defaultConfigurationName = Release;
		};
		F902ED1A1C68FA07007975F5 /* Build configuration list for PBXNativeTarget "Simcoe" */ = {
			isa = XCConfigurationList;
			buildConfigurations = (
				F902ED1B1C68FA07007975F5 /* Debug */,
				F902ED1C1C68FA07007975F5 /* Release */,
			);
			defaultConfigurationIsVisible = 0;
			defaultConfigurationName = Release;
		};
/* End XCConfigurationList section */
	};
	rootObject = F902ED091C68FA07007975F5 /* Project object */;
}
