// !$*UTF8*$!
{
	archiveVersion = 1;
	classes = {
	};
	objectVersion = 46;
	objects = {

/* Begin PBXBuildFile section */
		023B01D9A938F46EA9267C33 /* Pods_Simcoe_SimcoeTests.framework in Frameworks */ = {isa = PBXBuildFile; fileRef = 6FA69F4C737E782FBEFB8F74 /* Pods_Simcoe_SimcoeTests.framework */; };
		276A93C11DE60AA800774D9E /* Adobe.swift in Sources */ = {isa = PBXBuildFile; fileRef = F90A13AA1C738BC10074AC98 /* Adobe.swift */; };
		276A93C21DE60AA800774D9E /* AnalyticsTracking.swift in Sources */ = {isa = PBXBuildFile; fileRef = 276A93A51DE608EB00774D9E /* AnalyticsTracking.swift */; };
		276A93C31DE60AA800774D9E /* CartLogging.swift in Sources */ = {isa = PBXBuildFile; fileRef = 276A93A61DE608EB00774D9E /* CartLogging.swift */; };
		276A93C41DE60AA800774D9E /* ErrorLogging.swift in Sources */ = {isa = PBXBuildFile; fileRef = 276A93A71DE608EB00774D9E /* ErrorLogging.swift */; };
		276A93C51DE60AA800774D9E /* EventTracking.swift in Sources */ = {isa = PBXBuildFile; fileRef = 276A93A81DE608EB00774D9E /* EventTracking.swift */; };
		276A93C61DE60AA800774D9E /* LifetimeValueIncreasing.swift in Sources */ = {isa = PBXBuildFile; fileRef = 276A93A91DE608EB00774D9E /* LifetimeValueIncreasing.swift */; };
		276A93C71DE60AA800774D9E /* LocationTracking.swift in Sources */ = {isa = PBXBuildFile; fileRef = 276A93AA1DE608EB00774D9E /* LocationTracking.swift */; };
		276A93C81DE60AA800774D9E /* PageViewTracking.swift in Sources */ = {isa = PBXBuildFile; fileRef = 276A93AB1DE608EB00774D9E /* PageViewTracking.swift */; };
		276A93C91DE60AA800774D9E /* UserAttributeTracking.swift in Sources */ = {isa = PBXBuildFile; fileRef = 276A93AC1DE608EB00774D9E /* UserAttributeTracking.swift */; };
		276A93CA1DE60AA800774D9E /* ConsoleOutput.swift in Sources */ = {isa = PBXBuildFile; fileRef = F90E8BD01C7B9131009556F4 /* ConsoleOutput.swift */; };
		276A93CB1DE60AA800774D9E /* EmptyProvider.swift in Sources */ = {isa = PBXBuildFile; fileRef = 72897FF31C7BF0C600393482 /* EmptyProvider.swift */; };
		276A93CC1DE60AA800774D9E /* ErrorHandlingOption.swift in Sources */ = {isa = PBXBuildFile; fileRef = F93043EA1C7B605500A90AFD /* ErrorHandlingOption.swift */; };
		276A93CD1DE60AA800774D9E /* Event.swift in Sources */ = {isa = PBXBuildFile; fileRef = F94E7CC51C723D95007E7873 /* Event.swift */; };
		276A93CE1DE60AA800774D9E /* mParticle.swift in Sources */ = {isa = PBXBuildFile; fileRef = 276A93B51DE6090900774D9E /* mParticle.swift */; };
		276A93CF1DE60AA800774D9E /* MPEvent+Simcoe.swift in Sources */ = {isa = PBXBuildFile; fileRef = 276A93B61DE6090900774D9E /* MPEvent+Simcoe.swift */; };
		276A93D01DE60AA800774D9E /* MPEventGenerationError.swift in Sources */ = {isa = PBXBuildFile; fileRef = 276A93B71DE6090900774D9E /* MPEventGenerationError.swift */; };
		276A93D11DE60AA800774D9E /* MPEventKeys.swift in Sources */ = {isa = PBXBuildFile; fileRef = 276A93B81DE6090900774D9E /* MPEventKeys.swift */; };
		276A93D21DE60AA800774D9E /* MPProductKeys.swift in Sources */ = {isa = PBXBuildFile; fileRef = 276A93B91DE6090900774D9E /* MPProductKeys.swift */; };
		276A93D31DE60AA800774D9E /* RemoteOutput.swift in Sources */ = {isa = PBXBuildFile; fileRef = F992879A1CB6F5B9009B62F8 /* RemoteOutput.swift */; };
		276A93D41DE60AA800774D9E /* Output.swift in Sources */ = {isa = PBXBuildFile; fileRef = F90E8BCE1C7B8FE3009556F4 /* Output.swift */; };
		276A93D51DE60AA800774D9E /* OutputOptions.swift in Sources */ = {isa = PBXBuildFile; fileRef = F938145C1C736E6600678BA2 /* OutputOptions.swift */; };
		276A93D61DE60AA800774D9E /* Properties.swift in Sources */ = {isa = PBXBuildFile; fileRef = F93043D51C77BFC900A90AFD /* Properties.swift */; };
		276A93D71DE60AA800774D9E /* Simcoe.swift in Sources */ = {isa = PBXBuildFile; fileRef = F93DF0411C6E7E0D007B3928 /* Simcoe.swift */; };
		276A93D81DE60AA800774D9E /* Tracker.swift in Sources */ = {isa = PBXBuildFile; fileRef = F94E7CC31C723D4F007E7873 /* Tracker.swift */; };
		276A93D91DE60AA800774D9E /* TrackingResult.swift in Sources */ = {isa = PBXBuildFile; fileRef = F93043EC1C7B66C900A90AFD /* TrackingResult.swift */; };
		276A93DA1DE60AA800774D9E /* WriteEvent.swift in Sources */ = {isa = PBXBuildFile; fileRef = F90E8BCC1C7B8471009556F4 /* WriteEvent.swift */; };
		2792AE2E1DA4606900FB1E28 /* MPEventTests.swift in Sources */ = {isa = PBXBuildFile; fileRef = 2792AE2D1DA4606900FB1E28 /* MPEventTests.swift */; };
		59A60EFA736D92D64FAFFB74 /* Pods_Simcoe.framework in Frameworks */ = {isa = PBXBuildFile; fileRef = 7A4BAED5FDA700FDC89B8644 /* Pods_Simcoe.framework */; };
		72897FE01C79E25800393482 /* SimcoeLoggingTests.swift in Sources */ = {isa = PBXBuildFile; fileRef = 72897FDF1C79E25800393482 /* SimcoeLoggingTests.swift */; };
		72897FE21C79E25800393482 /* Simcoe.framework in Frameworks */ = {isa = PBXBuildFile; fileRef = F902ED121C68FA07007975F5 /* Simcoe.framework */; };
		72897FEA1C79E2BC00393482 /* PageViewTrackingFake.swift in Sources */ = {isa = PBXBuildFile; fileRef = 72897FE91C79E2BC00393482 /* PageViewTrackingFake.swift */; };
		72897FEC1C79E52300393482 /* EventTrackingFake.swift in Sources */ = {isa = PBXBuildFile; fileRef = 72897FEB1C79E52300393482 /* EventTrackingFake.swift */; };
		72897FEE1C7A8ECA00393482 /* LifetimeValueIncreasingFake.swift in Sources */ = {isa = PBXBuildFile; fileRef = 72897FED1C7A8ECA00393482 /* LifetimeValueIncreasingFake.swift */; };
		72897FF01C7A8F9900393482 /* LocationTrackingFake.swift in Sources */ = {isa = PBXBuildFile; fileRef = 72897FEF1C7A8F9900393482 /* LocationTrackingFake.swift */; };
		72897FF21C7A922C00393482 /* TrackerTests.swift in Sources */ = {isa = PBXBuildFile; fileRef = 72897FF11C7A922C00393482 /* TrackerTests.swift */; };
		B1FF1D081CEB9419004C056B /* ErrorLoggingFake.swift in Sources */ = {isa = PBXBuildFile; fileRef = B1FF1D071CEB9419004C056B /* ErrorLoggingFake.swift */; };
		B1FF1D0E1CEBA2F9004C056B /* UserAttributesFake.swift in Sources */ = {isa = PBXBuildFile; fileRef = B1FF1D0D1CEBA2F9004C056B /* UserAttributesFake.swift */; };
		F90E8BD31C7B9161009556F4 /* OutputFake.swift in Sources */ = {isa = PBXBuildFile; fileRef = F90E8BD21C7B9161009556F4 /* OutputFake.swift */; };
		F90E8BD51C7B960D009556F4 /* Failable.swift in Sources */ = {isa = PBXBuildFile; fileRef = F90E8BD41C7B960D009556F4 /* Failable.swift */; };
		F93DF0491C6E8009007B3928 /* Simcoe.h in Headers */ = {isa = PBXBuildFile; fileRef = F93DF0481C6E8009007B3928 /* Simcoe.h */; settings = {ATTRIBUTES = (Public, ); }; };
/* End PBXBuildFile section */

/* Begin PBXContainerItemProxy section */
		72897FE31C79E25800393482 /* PBXContainerItemProxy */ = {
			isa = PBXContainerItemProxy;
			containerPortal = F902ED091C68FA07007975F5 /* Project object */;
			proxyType = 1;
			remoteGlobalIDString = F902ED111C68FA07007975F5;
			remoteInfo = Simcoe;
		};
/* End PBXContainerItemProxy section */

/* Begin PBXFileReference section */
		2263C8490FF27BE31643EE8E /* Pods-Simcoe.release.xcconfig */ = {isa = PBXFileReference; includeInIndex = 1; lastKnownFileType = text.xcconfig; name = "Pods-Simcoe.release.xcconfig"; path = "Pods/Target Support Files/Pods-Simcoe/Pods-Simcoe.release.xcconfig"; sourceTree = "<group>"; };
		276A93A31DE608DF00774D9E /* README.md */ = {isa = PBXFileReference; lastKnownFileType = net.daringfireball.markdown; path = README.md; sourceTree = "<group>"; };
		276A93A51DE608EB00774D9E /* AnalyticsTracking.swift */ = {isa = PBXFileReference; fileEncoding = 4; lastKnownFileType = sourcecode.swift; path = AnalyticsTracking.swift; sourceTree = "<group>"; };
		276A93A61DE608EB00774D9E /* CartLogging.swift */ = {isa = PBXFileReference; fileEncoding = 4; lastKnownFileType = sourcecode.swift; path = CartLogging.swift; sourceTree = "<group>"; };
		276A93A71DE608EB00774D9E /* ErrorLogging.swift */ = {isa = PBXFileReference; fileEncoding = 4; lastKnownFileType = sourcecode.swift; path = ErrorLogging.swift; sourceTree = "<group>"; };
		276A93A81DE608EB00774D9E /* EventTracking.swift */ = {isa = PBXFileReference; fileEncoding = 4; lastKnownFileType = sourcecode.swift; path = EventTracking.swift; sourceTree = "<group>"; };
		276A93A91DE608EB00774D9E /* LifetimeValueIncreasing.swift */ = {isa = PBXFileReference; fileEncoding = 4; lastKnownFileType = sourcecode.swift; path = LifetimeValueIncreasing.swift; sourceTree = "<group>"; };
		276A93AA1DE608EB00774D9E /* LocationTracking.swift */ = {isa = PBXFileReference; fileEncoding = 4; lastKnownFileType = sourcecode.swift; path = LocationTracking.swift; sourceTree = "<group>"; };
		276A93AB1DE608EB00774D9E /* PageViewTracking.swift */ = {isa = PBXFileReference; fileEncoding = 4; lastKnownFileType = sourcecode.swift; path = PageViewTracking.swift; sourceTree = "<group>"; };
		276A93AC1DE608EB00774D9E /* UserAttributeTracking.swift */ = {isa = PBXFileReference; fileEncoding = 4; lastKnownFileType = sourcecode.swift; path = UserAttributeTracking.swift; sourceTree = "<group>"; };
		276A93B51DE6090900774D9E /* mParticle.swift */ = {isa = PBXFileReference; fileEncoding = 4; lastKnownFileType = sourcecode.swift; path = mParticle.swift; sourceTree = "<group>"; };
		276A93B61DE6090900774D9E /* MPEvent+Simcoe.swift */ = {isa = PBXFileReference; fileEncoding = 4; lastKnownFileType = sourcecode.swift; path = "MPEvent+Simcoe.swift"; sourceTree = "<group>"; };
		276A93B71DE6090900774D9E /* MPEventGenerationError.swift */ = {isa = PBXFileReference; fileEncoding = 4; lastKnownFileType = sourcecode.swift; path = MPEventGenerationError.swift; sourceTree = "<group>"; };
		276A93B81DE6090900774D9E /* MPEventKeys.swift */ = {isa = PBXFileReference; fileEncoding = 4; lastKnownFileType = sourcecode.swift; path = MPEventKeys.swift; sourceTree = "<group>"; };
		276A93B91DE6090900774D9E /* MPProductKeys.swift */ = {isa = PBXFileReference; fileEncoding = 4; lastKnownFileType = sourcecode.swift; path = MPProductKeys.swift; sourceTree = "<group>"; };
		276A93BA1DE6090900774D9E /* README.md */ = {isa = PBXFileReference; fileEncoding = 4; lastKnownFileType = net.daringfireball.markdown; path = README.md; sourceTree = "<group>"; };
		2792AE2D1DA4606900FB1E28 /* MPEventTests.swift */ = {isa = PBXFileReference; fileEncoding = 4; lastKnownFileType = sourcecode.swift; name = MPEventTests.swift; path = mParticle/MPEventTests.swift; sourceTree = "<group>"; };
		6FA69F4C737E782FBEFB8F74 /* Pods_Simcoe_SimcoeTests.framework */ = {isa = PBXFileReference; explicitFileType = wrapper.framework; includeInIndex = 0; path = Pods_Simcoe_SimcoeTests.framework; sourceTree = BUILT_PRODUCTS_DIR; };
		72897FDD1C79E25800393482 /* SimcoeTests.xctest */ = {isa = PBXFileReference; explicitFileType = wrapper.cfbundle; includeInIndex = 0; path = SimcoeTests.xctest; sourceTree = BUILT_PRODUCTS_DIR; };
		72897FDF1C79E25800393482 /* SimcoeLoggingTests.swift */ = {isa = PBXFileReference; lastKnownFileType = sourcecode.swift; path = SimcoeLoggingTests.swift; sourceTree = "<group>"; };
		72897FE11C79E25800393482 /* Info.plist */ = {isa = PBXFileReference; lastKnownFileType = text.plist.xml; path = Info.plist; sourceTree = "<group>"; };
		72897FE91C79E2BC00393482 /* PageViewTrackingFake.swift */ = {isa = PBXFileReference; fileEncoding = 4; lastKnownFileType = sourcecode.swift; path = PageViewTrackingFake.swift; sourceTree = "<group>"; };
		72897FEB1C79E52300393482 /* EventTrackingFake.swift */ = {isa = PBXFileReference; fileEncoding = 4; lastKnownFileType = sourcecode.swift; path = EventTrackingFake.swift; sourceTree = "<group>"; };
		72897FED1C7A8ECA00393482 /* LifetimeValueIncreasingFake.swift */ = {isa = PBXFileReference; fileEncoding = 4; lastKnownFileType = sourcecode.swift; path = LifetimeValueIncreasingFake.swift; sourceTree = "<group>"; };
		72897FEF1C7A8F9900393482 /* LocationTrackingFake.swift */ = {isa = PBXFileReference; fileEncoding = 4; lastKnownFileType = sourcecode.swift; path = LocationTrackingFake.swift; sourceTree = "<group>"; };
		72897FF11C7A922C00393482 /* TrackerTests.swift */ = {isa = PBXFileReference; fileEncoding = 4; lastKnownFileType = sourcecode.swift; path = TrackerTests.swift; sourceTree = "<group>"; };
		72897FF31C7BF0C600393482 /* EmptyProvider.swift */ = {isa = PBXFileReference; fileEncoding = 4; lastKnownFileType = sourcecode.swift; path = EmptyProvider.swift; sourceTree = "<group>"; };
		7A4BAED5FDA700FDC89B8644 /* Pods_Simcoe.framework */ = {isa = PBXFileReference; explicitFileType = wrapper.framework; includeInIndex = 0; path = Pods_Simcoe.framework; sourceTree = BUILT_PRODUCTS_DIR; };
		A18E642889421D018D913538 /* Pods-Simcoe.debug.xcconfig */ = {isa = PBXFileReference; includeInIndex = 1; lastKnownFileType = text.xcconfig; name = "Pods-Simcoe.debug.xcconfig"; path = "Pods/Target Support Files/Pods-Simcoe/Pods-Simcoe.debug.xcconfig"; sourceTree = "<group>"; };
		B1FF1D071CEB9419004C056B /* ErrorLoggingFake.swift */ = {isa = PBXFileReference; fileEncoding = 4; lastKnownFileType = sourcecode.swift; path = ErrorLoggingFake.swift; sourceTree = "<group>"; };
		B1FF1D0D1CEBA2F9004C056B /* UserAttributesFake.swift */ = {isa = PBXFileReference; fileEncoding = 4; lastKnownFileType = sourcecode.swift; path = UserAttributesFake.swift; sourceTree = "<group>"; };
		BBEE38F8CE1EAE8EABE9AF83 /* Pods-Simcoe-SimcoeTests.release.xcconfig */ = {isa = PBXFileReference; includeInIndex = 1; lastKnownFileType = text.xcconfig; name = "Pods-Simcoe-SimcoeTests.release.xcconfig"; path = "Pods/Target Support Files/Pods-Simcoe-SimcoeTests/Pods-Simcoe-SimcoeTests.release.xcconfig"; sourceTree = "<group>"; };
		D53B75F6634370E7048F12FF /* Pods-Simcoe-SimcoeTests.debug.xcconfig */ = {isa = PBXFileReference; includeInIndex = 1; lastKnownFileType = text.xcconfig; name = "Pods-Simcoe-SimcoeTests.debug.xcconfig"; path = "Pods/Target Support Files/Pods-Simcoe-SimcoeTests/Pods-Simcoe-SimcoeTests.debug.xcconfig"; sourceTree = "<group>"; };
		F902ED121C68FA07007975F5 /* Simcoe.framework */ = {isa = PBXFileReference; explicitFileType = wrapper.framework; includeInIndex = 0; path = Simcoe.framework; sourceTree = BUILT_PRODUCTS_DIR; };
		F90A13A81C737F620074AC98 /* Simcoe.podspec */ = {isa = PBXFileReference; fileEncoding = 4; lastKnownFileType = text; path = Simcoe.podspec; sourceTree = "<group>"; };
		F90A13AA1C738BC10074AC98 /* Adobe.swift */ = {isa = PBXFileReference; fileEncoding = 4; lastKnownFileType = sourcecode.swift; path = Adobe.swift; sourceTree = "<group>"; };
		F90E8BCC1C7B8471009556F4 /* WriteEvent.swift */ = {isa = PBXFileReference; fileEncoding = 4; lastKnownFileType = sourcecode.swift; path = WriteEvent.swift; sourceTree = "<group>"; };
		F90E8BCE1C7B8FE3009556F4 /* Output.swift */ = {isa = PBXFileReference; fileEncoding = 4; lastKnownFileType = sourcecode.swift; path = Output.swift; sourceTree = "<group>"; };
		F90E8BD01C7B9131009556F4 /* ConsoleOutput.swift */ = {isa = PBXFileReference; fileEncoding = 4; lastKnownFileType = sourcecode.swift; path = ConsoleOutput.swift; sourceTree = "<group>"; };
		F90E8BD21C7B9161009556F4 /* OutputFake.swift */ = {isa = PBXFileReference; fileEncoding = 4; lastKnownFileType = sourcecode.swift; path = OutputFake.swift; sourceTree = "<group>"; };
		F90E8BD41C7B960D009556F4 /* Failable.swift */ = {isa = PBXFileReference; fileEncoding = 4; lastKnownFileType = sourcecode.swift; path = Failable.swift; sourceTree = "<group>"; };
		F929EF671C84BA1700280D89 /* README.md */ = {isa = PBXFileReference; fileEncoding = 4; lastKnownFileType = net.daringfireball.markdown; path = README.md; sourceTree = "<group>"; };
		F93043D51C77BFC900A90AFD /* Properties.swift */ = {isa = PBXFileReference; fileEncoding = 4; lastKnownFileType = sourcecode.swift; path = Properties.swift; sourceTree = "<group>"; };
		F93043EA1C7B605500A90AFD /* ErrorHandlingOption.swift */ = {isa = PBXFileReference; fileEncoding = 4; lastKnownFileType = sourcecode.swift; path = ErrorHandlingOption.swift; sourceTree = "<group>"; };
		F93043EC1C7B66C900A90AFD /* TrackingResult.swift */ = {isa = PBXFileReference; fileEncoding = 4; lastKnownFileType = sourcecode.swift; path = TrackingResult.swift; sourceTree = "<group>"; };
		F938145C1C736E6600678BA2 /* OutputOptions.swift */ = {isa = PBXFileReference; fileEncoding = 4; lastKnownFileType = sourcecode.swift; path = OutputOptions.swift; sourceTree = "<group>"; };
		F93D5CFF1C99BDCF0090FAA6 /* LICENSE */ = {isa = PBXFileReference; fileEncoding = 4; lastKnownFileType = text; path = LICENSE; sourceTree = "<group>"; };
		F93DF03F1C6E7E0D007B3928 /* Info.plist */ = {isa = PBXFileReference; fileEncoding = 4; lastKnownFileType = text.plist.xml; path = Info.plist; sourceTree = "<group>"; };
		F93DF0411C6E7E0D007B3928 /* Simcoe.swift */ = {isa = PBXFileReference; fileEncoding = 4; lastKnownFileType = sourcecode.swift; path = Simcoe.swift; sourceTree = "<group>"; };
		F93DF0481C6E8009007B3928 /* Simcoe.h */ = {isa = PBXFileReference; fileEncoding = 4; lastKnownFileType = sourcecode.c.h; path = Simcoe.h; sourceTree = "<group>"; };
		F94E7CC31C723D4F007E7873 /* Tracker.swift */ = {isa = PBXFileReference; fileEncoding = 4; lastKnownFileType = sourcecode.swift; path = Tracker.swift; sourceTree = "<group>"; };
		F94E7CC51C723D95007E7873 /* Event.swift */ = {isa = PBXFileReference; fileEncoding = 4; lastKnownFileType = sourcecode.swift; path = Event.swift; sourceTree = "<group>"; };
		F992879A1CB6F5B9009B62F8 /* RemoteOutput.swift */ = {isa = PBXFileReference; fileEncoding = 4; lastKnownFileType = sourcecode.swift; path = RemoteOutput.swift; sourceTree = "<group>"; };
/* End PBXFileReference section */

/* Begin PBXFrameworksBuildPhase section */
		72897FDA1C79E25800393482 /* Frameworks */ = {
			isa = PBXFrameworksBuildPhase;
			buildActionMask = 2147483647;
			files = (
				72897FE21C79E25800393482 /* Simcoe.framework in Frameworks */,
				023B01D9A938F46EA9267C33 /* Pods_Simcoe_SimcoeTests.framework in Frameworks */,
			);
			runOnlyForDeploymentPostprocessing = 0;
		};
		F902ED0E1C68FA07007975F5 /* Frameworks */ = {
			isa = PBXFrameworksBuildPhase;
			buildActionMask = 2147483647;
			files = (
				59A60EFA736D92D64FAFFB74 /* Pods_Simcoe.framework in Frameworks */,
			);
			runOnlyForDeploymentPostprocessing = 0;
		};
/* End PBXFrameworksBuildPhase section */

/* Begin PBXGroup section */
		07F7B1A3C42A61591353483C /* Frameworks */ = {
			isa = PBXGroup;
			children = (
				7A4BAED5FDA700FDC89B8644 /* Pods_Simcoe.framework */,
				6FA69F4C737E782FBEFB8F74 /* Pods_Simcoe_SimcoeTests.framework */,
			);
			name = Frameworks;
			sourceTree = "<group>";
		};
		276A93A41DE608EB00774D9E /* Analytics Tracking Protocols */ = {
			isa = PBXGroup;
			children = (
				276A93A51DE608EB00774D9E /* AnalyticsTracking.swift */,
				276A93A61DE608EB00774D9E /* CartLogging.swift */,
				276A93A71DE608EB00774D9E /* ErrorLogging.swift */,
				276A93A81DE608EB00774D9E /* EventTracking.swift */,
				276A93A91DE608EB00774D9E /* LifetimeValueIncreasing.swift */,
				276A93AA1DE608EB00774D9E /* LocationTracking.swift */,
				276A93AB1DE608EB00774D9E /* PageViewTracking.swift */,
				276A93AC1DE608EB00774D9E /* UserAttributeTracking.swift */,
			);
			path = "Analytics Tracking Protocols";
			sourceTree = "<group>";
		};
		2792AE2C1DA4600400FB1E28 /* mParticle */ = {
			isa = PBXGroup;
			children = (
				2792AE2D1DA4606900FB1E28 /* MPEventTests.swift */,
			);
			name = mParticle;
			sourceTree = "<group>";
		};
		6EC9CA1862EB4824462A8FA3 /* Pods */ = {
			isa = PBXGroup;
			children = (
				A18E642889421D018D913538 /* Pods-Simcoe.debug.xcconfig */,
				2263C8490FF27BE31643EE8E /* Pods-Simcoe.release.xcconfig */,
				D53B75F6634370E7048F12FF /* Pods-Simcoe-SimcoeTests.debug.xcconfig */,
				BBEE38F8CE1EAE8EABE9AF83 /* Pods-Simcoe-SimcoeTests.release.xcconfig */,
			);
			name = Pods;
			sourceTree = "<group>";
		};
		72897FDE1C79E25800393482 /* SimcoeTests */ = {
			isa = PBXGroup;
			children = (
				72897FE11C79E25800393482 /* Info.plist */,
				72897FE81C79E2A900393482 /* Mocks */,
				2792AE2C1DA4600400FB1E28 /* mParticle */,
				72897FDF1C79E25800393482 /* SimcoeLoggingTests.swift */,
				72897FF11C7A922C00393482 /* TrackerTests.swift */,
			);
			path = SimcoeTests;
			sourceTree = "<group>";
		};
		72897FE81C79E2A900393482 /* Mocks */ = {
			isa = PBXGroup;
			children = (
				B1FF1D071CEB9419004C056B /* ErrorLoggingFake.swift */,
				72897FEB1C79E52300393482 /* EventTrackingFake.swift */,
				F90E8BD41C7B960D009556F4 /* Failable.swift */,
				72897FED1C7A8ECA00393482 /* LifetimeValueIncreasingFake.swift */,
				72897FEF1C7A8F9900393482 /* LocationTrackingFake.swift */,
				F90E8BD21C7B9161009556F4 /* OutputFake.swift */,
				72897FE91C79E2BC00393482 /* PageViewTrackingFake.swift */,
				B1FF1D0D1CEBA2F9004C056B /* UserAttributesFake.swift */,
			);
			path = Mocks;
			sourceTree = "<group>";
		};
		F902ED081C68FA07007975F5 = {
			isa = PBXGroup;
			children = (
				F93D5CFF1C99BDCF0090FAA6 /* LICENSE */,
				F929EF671C84BA1700280D89 /* README.md */,
				F90A13A81C737F620074AC98 /* Simcoe.podspec */,
				F93DF03C1C6E7E0D007B3928 /* Simcoe */,
				72897FDE1C79E25800393482 /* SimcoeTests */,
				F902ED131C68FA07007975F5 /* Products */,
				6EC9CA1862EB4824462A8FA3 /* Pods */,
				07F7B1A3C42A61591353483C /* Frameworks */,
			);
			sourceTree = "<group>";
		};
		F902ED131C68FA07007975F5 /* Products */ = {
			isa = PBXGroup;
			children = (
				F902ED121C68FA07007975F5 /* Simcoe.framework */,
				72897FDD1C79E25800393482 /* SimcoeTests.xctest */,
			);
			name = Products;
			sourceTree = "<group>";
		};
		F90A13A51C737F050074AC98 /* mParticle */ = {
			isa = PBXGroup;
			children = (
				276A93B51DE6090900774D9E /* mParticle.swift */,
				276A93B61DE6090900774D9E /* MPEvent+Simcoe.swift */,
				276A93B71DE6090900774D9E /* MPEventGenerationError.swift */,
				276A93B81DE6090900774D9E /* MPEventKeys.swift */,
				276A93B91DE6090900774D9E /* MPProductKeys.swift */,
				276A93BA1DE6090900774D9E /* README.md */,
			);
			path = mParticle;
			sourceTree = "<group>";
		};
		F93DF03C1C6E7E0D007B3928 /* Simcoe */ = {
			isa = PBXGroup;
			children = (
				F94E7CCC1C725D89007E7873 /* Adobe */,
				276A93A41DE608EB00774D9E /* Analytics Tracking Protocols */,
				F90E8BD01C7B9131009556F4 /* ConsoleOutput.swift */,
				72897FF31C7BF0C600393482 /* EmptyProvider.swift */,
				F93043EA1C7B605500A90AFD /* ErrorHandlingOption.swift */,
				F94E7CC51C723D95007E7873 /* Event.swift */,
				F93DF03F1C6E7E0D007B3928 /* Info.plist */,
				F90A13A51C737F050074AC98 /* mParticle */,
				F99287991CB6F46F009B62F8 /* Networking */,
				F90E8BCE1C7B8FE3009556F4 /* Output.swift */,
				F938145C1C736E6600678BA2 /* OutputOptions.swift */,
				F93043D51C77BFC900A90AFD /* Properties.swift */,
				F93DF0481C6E8009007B3928 /* Simcoe.h */,
				F93DF0411C6E7E0D007B3928 /* Simcoe.swift */,
				F94E7CC31C723D4F007E7873 /* Tracker.swift */,
				F93043EC1C7B66C900A90AFD /* TrackingResult.swift */,
				F90E8BCC1C7B8471009556F4 /* WriteEvent.swift */,
			);
			path = Simcoe;
			sourceTree = "<group>";
		};
		F94E7CCC1C725D89007E7873 /* Adobe */ = {
			isa = PBXGroup;
			children = (
				F90A13AA1C738BC10074AC98 /* Adobe.swift */,
				276A93A31DE608DF00774D9E /* README.md */,
			);
			path = Adobe;
			sourceTree = "<group>";
		};
		F99287991CB6F46F009B62F8 /* Networking */ = {
			isa = PBXGroup;
			children = (
				F992879A1CB6F5B9009B62F8 /* RemoteOutput.swift */,
			);
			name = Networking;
			sourceTree = "<group>";
		};
/* End PBXGroup section */

/* Begin PBXHeadersBuildPhase section */
		F902ED0F1C68FA07007975F5 /* Headers */ = {
			isa = PBXHeadersBuildPhase;
			buildActionMask = 2147483647;
			files = (
				F93DF0491C6E8009007B3928 /* Simcoe.h in Headers */,
			);
			runOnlyForDeploymentPostprocessing = 0;
		};
/* End PBXHeadersBuildPhase section */

/* Begin PBXNativeTarget section */
		72897FDC1C79E25800393482 /* SimcoeTests */ = {
			isa = PBXNativeTarget;
			buildConfigurationList = 72897FE71C79E25800393482 /* Build configuration list for PBXNativeTarget "SimcoeTests" */;
			buildPhases = (
				3BD8A183EE1390D19A959186 /* [CP] Check Pods Manifest.lock */,
				72897FD91C79E25800393482 /* Sources */,
				72897FDA1C79E25800393482 /* Frameworks */,
				72897FDB1C79E25800393482 /* Resources */,
				B99F05908E2FDDC7F01163D5 /* [CP] Embed Pods Frameworks */,
				98A64BF87B545E271996A577 /* [CP] Copy Pods Resources */,
			);
			buildRules = (
			);
			dependencies = (
				72897FE41C79E25800393482 /* PBXTargetDependency */,
			);
			name = SimcoeTests;
			productName = SimcoeTests;
			productReference = 72897FDD1C79E25800393482 /* SimcoeTests.xctest */;
			productType = "com.apple.product-type.bundle.unit-test";
		};
		F902ED111C68FA07007975F5 /* Simcoe */ = {
			isa = PBXNativeTarget;
			buildConfigurationList = F902ED1A1C68FA07007975F5 /* Build configuration list for PBXNativeTarget "Simcoe" */;
			buildPhases = (
				369C307090F6F45749175A71 /* [CP] Check Pods Manifest.lock */,
				F902ED0D1C68FA07007975F5 /* Sources */,
				F902ED0E1C68FA07007975F5 /* Frameworks */,
				F902ED0F1C68FA07007975F5 /* Headers */,
				F902ED101C68FA07007975F5 /* Resources */,
				92508C4DD7CFB48C39292C10 /* [CP] Copy Pods Resources */,
			);
			buildRules = (
			);
			dependencies = (
			);
			name = Simcoe;
			productName = Pandalytics;
			productReference = F902ED121C68FA07007975F5 /* Simcoe.framework */;
			productType = "com.apple.product-type.framework";
		};
/* End PBXNativeTarget section */

/* Begin PBXProject section */
		F902ED091C68FA07007975F5 /* Project object */ = {
			isa = PBXProject;
			attributes = {
				LastSwiftUpdateCheck = 0720;
				LastUpgradeCheck = 0810;
				ORGANIZATIONNAME = "Prolific Interactive";
				TargetAttributes = {
					72897FDC1C79E25800393482 = {
						CreatedOnToolsVersion = 7.2;
						LastSwiftMigration = 0800;
					};
					F902ED111C68FA07007975F5 = {
						CreatedOnToolsVersion = 7.2;
						LastSwiftMigration = 0800;
					};
				};
			};
			buildConfigurationList = F902ED0C1C68FA07007975F5 /* Build configuration list for PBXProject "Simcoe" */;
			compatibilityVersion = "Xcode 3.2";
			developmentRegion = English;
			hasScannedForEncodings = 0;
			knownRegions = (
				en,
			);
			mainGroup = F902ED081C68FA07007975F5;
			productRefGroup = F902ED131C68FA07007975F5 /* Products */;
			projectDirPath = "";
			projectRoot = "";
			targets = (
				F902ED111C68FA07007975F5 /* Simcoe */,
				72897FDC1C79E25800393482 /* SimcoeTests */,
			);
		};
/* End PBXProject section */

/* Begin PBXResourcesBuildPhase section */
		72897FDB1C79E25800393482 /* Resources */ = {
			isa = PBXResourcesBuildPhase;
			buildActionMask = 2147483647;
			files = (
			);
			runOnlyForDeploymentPostprocessing = 0;
		};
		F902ED101C68FA07007975F5 /* Resources */ = {
			isa = PBXResourcesBuildPhase;
			buildActionMask = 2147483647;
			files = (
			);
			runOnlyForDeploymentPostprocessing = 0;
		};
/* End PBXResourcesBuildPhase section */

/* Begin PBXShellScriptBuildPhase section */
		369C307090F6F45749175A71 /* [CP] Check Pods Manifest.lock */ = {
			isa = PBXShellScriptBuildPhase;
			buildActionMask = 2147483647;
			files = (
			);
			inputPaths = (
			);
			name = "[CP] Check Pods Manifest.lock";
			outputPaths = (
			);
			runOnlyForDeploymentPostprocessing = 0;
			shellPath = /bin/sh;
			shellScript = "diff \"${PODS_ROOT}/../Podfile.lock\" \"${PODS_ROOT}/Manifest.lock\" > /dev/null\nif [ $? != 0 ] ; then\n    # print error to STDERR\n    echo \"error: The sandbox is not in sync with the Podfile.lock. Run 'pod install' or update your CocoaPods installation.\" >&2\n    exit 1\nfi\n";
			showEnvVarsInLog = 0;
		};
		3BD8A183EE1390D19A959186 /* [CP] Check Pods Manifest.lock */ = {
			isa = PBXShellScriptBuildPhase;
			buildActionMask = 2147483647;
			files = (
			);
			inputPaths = (
			);
			name = "[CP] Check Pods Manifest.lock";
			outputPaths = (
			);
			runOnlyForDeploymentPostprocessing = 0;
			shellPath = /bin/sh;
			shellScript = "diff \"${PODS_ROOT}/../Podfile.lock\" \"${PODS_ROOT}/Manifest.lock\" > /dev/null\nif [ $? != 0 ] ; then\n    # print error to STDERR\n    echo \"error: The sandbox is not in sync with the Podfile.lock. Run 'pod install' or update your CocoaPods installation.\" >&2\n    exit 1\nfi\n";
			showEnvVarsInLog = 0;
		};
		92508C4DD7CFB48C39292C10 /* [CP] Copy Pods Resources */ = {
			isa = PBXShellScriptBuildPhase;
			buildActionMask = 2147483647;
			files = (
			);
			inputPaths = (
			);
			name = "[CP] Copy Pods Resources";
			outputPaths = (
			);
			runOnlyForDeploymentPostprocessing = 0;
			shellPath = /bin/sh;
			shellScript = "\"${SRCROOT}/Pods/Target Support Files/Pods-Simcoe/Pods-Simcoe-resources.sh\"\n";
			showEnvVarsInLog = 0;
		};
		98A64BF87B545E271996A577 /* [CP] Copy Pods Resources */ = {
			isa = PBXShellScriptBuildPhase;
			buildActionMask = 2147483647;
			files = (
			);
			inputPaths = (
			);
			name = "[CP] Copy Pods Resources";
			outputPaths = (
			);
			runOnlyForDeploymentPostprocessing = 0;
			shellPath = /bin/sh;
			shellScript = "\"${SRCROOT}/Pods/Target Support Files/Pods-Simcoe-SimcoeTests/Pods-Simcoe-SimcoeTests-resources.sh\"\n";
			showEnvVarsInLog = 0;
		};
		B99F05908E2FDDC7F01163D5 /* [CP] Embed Pods Frameworks */ = {
			isa = PBXShellScriptBuildPhase;
			buildActionMask = 2147483647;
			files = (
			);
			inputPaths = (
			);
			name = "[CP] Embed Pods Frameworks";
			outputPaths = (
			);
			runOnlyForDeploymentPostprocessing = 0;
			shellPath = /bin/sh;
			shellScript = "\"${SRCROOT}/Pods/Target Support Files/Pods-Simcoe-SimcoeTests/Pods-Simcoe-SimcoeTests-frameworks.sh\"\n";
			showEnvVarsInLog = 0;
		};
/* End PBXShellScriptBuildPhase section */

/* Begin PBXSourcesBuildPhase section */
		72897FD91C79E25800393482 /* Sources */ = {
			isa = PBXSourcesBuildPhase;
			buildActionMask = 2147483647;
			files = (
				F90E8BD31C7B9161009556F4 /* OutputFake.swift in Sources */,
				2792AE2E1DA4606900FB1E28 /* MPEventTests.swift in Sources */,
				F90E8BD51C7B960D009556F4 /* Failable.swift in Sources */,
				72897FE01C79E25800393482 /* SimcoeLoggingTests.swift in Sources */,
				72897FEA1C79E2BC00393482 /* PageViewTrackingFake.swift in Sources */,
				B1FF1D081CEB9419004C056B /* ErrorLoggingFake.swift in Sources */,
				72897FF01C7A8F9900393482 /* LocationTrackingFake.swift in Sources */,
				72897FF21C7A922C00393482 /* TrackerTests.swift in Sources */,
				72897FEE1C7A8ECA00393482 /* LifetimeValueIncreasingFake.swift in Sources */,
				B1FF1D0E1CEBA2F9004C056B /* UserAttributesFake.swift in Sources */,
				72897FEC1C79E52300393482 /* EventTrackingFake.swift in Sources */,
			);
			runOnlyForDeploymentPostprocessing = 0;
		};
		F902ED0D1C68FA07007975F5 /* Sources */ = {
			isa = PBXSourcesBuildPhase;
			buildActionMask = 2147483647;
			files = (
				276A93C11DE60AA800774D9E /* Adobe.swift in Sources */,
				276A93C21DE60AA800774D9E /* AnalyticsTracking.swift in Sources */,
				276A93C31DE60AA800774D9E /* CartLogging.swift in Sources */,
				276A93C41DE60AA800774D9E /* ErrorLogging.swift in Sources */,
				276A93C51DE60AA800774D9E /* EventTracking.swift in Sources */,
				276A93C61DE60AA800774D9E /* LifetimeValueIncreasing.swift in Sources */,
				276A93C71DE60AA800774D9E /* LocationTracking.swift in Sources */,
				276A93C81DE60AA800774D9E /* PageViewTracking.swift in Sources */,
				276A93C91DE60AA800774D9E /* UserAttributeTracking.swift in Sources */,
				276A93CA1DE60AA800774D9E /* ConsoleOutput.swift in Sources */,
				276A93CB1DE60AA800774D9E /* EmptyProvider.swift in Sources */,
				276A93CC1DE60AA800774D9E /* ErrorHandlingOption.swift in Sources */,
				276A93CD1DE60AA800774D9E /* Event.swift in Sources */,
				276A93CE1DE60AA800774D9E /* mParticle.swift in Sources */,
				276A93CF1DE60AA800774D9E /* MPEvent+Simcoe.swift in Sources */,
				276A93D01DE60AA800774D9E /* MPEventGenerationError.swift in Sources */,
				276A93D11DE60AA800774D9E /* MPEventKeys.swift in Sources */,
				276A93D21DE60AA800774D9E /* MPProductKeys.swift in Sources */,
				276A93D31DE60AA800774D9E /* RemoteOutput.swift in Sources */,
				276A93D41DE60AA800774D9E /* Output.swift in Sources */,
				276A93D51DE60AA800774D9E /* OutputOptions.swift in Sources */,
				276A93D61DE60AA800774D9E /* Properties.swift in Sources */,
				276A93D71DE60AA800774D9E /* Simcoe.swift in Sources */,
				276A93D81DE60AA800774D9E /* Tracker.swift in Sources */,
				276A93D91DE60AA800774D9E /* TrackingResult.swift in Sources */,
				276A93DA1DE60AA800774D9E /* WriteEvent.swift in Sources */,
			);
			runOnlyForDeploymentPostprocessing = 0;
		};
/* End PBXSourcesBuildPhase section */

/* Begin PBXTargetDependency section */
		72897FE41C79E25800393482 /* PBXTargetDependency */ = {
			isa = PBXTargetDependency;
			target = F902ED111C68FA07007975F5 /* Simcoe */;
			targetProxy = 72897FE31C79E25800393482 /* PBXContainerItemProxy */;
		};
/* End PBXTargetDependency section */

/* Begin XCBuildConfiguration section */
		72897FE51C79E25800393482 /* Debug */ = {
			isa = XCBuildConfiguration;
			baseConfigurationReference = D53B75F6634370E7048F12FF /* Pods-Simcoe-SimcoeTests.debug.xcconfig */;
			buildSettings = {
				INFOPLIST_FILE = SimcoeTests/Info.plist;
				LD_RUNPATH_SEARCH_PATHS = "$(inherited) @executable_path/Frameworks @loader_path/Frameworks";
				PRODUCT_BUNDLE_IDENTIFIER = com.prolificinteractive.SimcoeTests;
				PRODUCT_NAME = "$(TARGET_NAME)";
				SWIFT_VERSION = 2.3;
			};
			name = Debug;
		};
		72897FE61C79E25800393482 /* Release */ = {
			isa = XCBuildConfiguration;
			baseConfigurationReference = BBEE38F8CE1EAE8EABE9AF83 /* Pods-Simcoe-SimcoeTests.release.xcconfig */;
			buildSettings = {
				INFOPLIST_FILE = SimcoeTests/Info.plist;
				LD_RUNPATH_SEARCH_PATHS = "$(inherited) @executable_path/Frameworks @loader_path/Frameworks";
				PRODUCT_BUNDLE_IDENTIFIER = com.prolificinteractive.SimcoeTests;
				PRODUCT_NAME = "$(TARGET_NAME)";
				SWIFT_VERSION = 2.3;
			};
			name = Release;
		};
		F902ED181C68FA07007975F5 /* Debug */ = {
			isa = XCBuildConfiguration;
			buildSettings = {
				ALWAYS_EMBED_SWIFT_STANDARD_LIBRARIES = NO;
				ALWAYS_SEARCH_USER_PATHS = NO;
				CLANG_CXX_LANGUAGE_STANDARD = "gnu++0x";
				CLANG_CXX_LIBRARY = "libc++";
				CLANG_ENABLE_MODULES = YES;
				CLANG_ENABLE_OBJC_ARC = YES;
				CLANG_WARN_BOOL_CONVERSION = YES;
				CLANG_WARN_CONSTANT_CONVERSION = YES;
				CLANG_WARN_DIRECT_OBJC_ISA_USAGE = YES_ERROR;
				CLANG_WARN_EMPTY_BODY = YES;
				CLANG_WARN_ENUM_CONVERSION = YES;
				CLANG_WARN_INFINITE_RECURSION = YES;
				CLANG_WARN_INT_CONVERSION = YES;
				CLANG_WARN_OBJC_ROOT_CLASS = YES_ERROR;
				CLANG_WARN_SUSPICIOUS_MOVE = YES;
				CLANG_WARN_UNREACHABLE_CODE = YES;
				CLANG_WARN__DUPLICATE_METHOD_MATCH = YES;
				"CODE_SIGN_IDENTITY[sdk=iphoneos*]" = "iPhone Developer";
				COPY_PHASE_STRIP = NO;
				CURRENT_PROJECT_VERSION = 1;
				DEBUG_INFORMATION_FORMAT = dwarf;
				ENABLE_STRICT_OBJC_MSGSEND = YES;
				ENABLE_TESTABILITY = YES;
				GCC_C_LANGUAGE_STANDARD = gnu99;
				GCC_DYNAMIC_NO_PIC = NO;
				GCC_NO_COMMON_BLOCKS = YES;
				GCC_OPTIMIZATION_LEVEL = 0;
				GCC_PREPROCESSOR_DEFINITIONS = (
					"DEBUG=1",
					"$(inherited)",
				);
				GCC_WARN_64_TO_32_BIT_CONVERSION = YES;
				GCC_WARN_ABOUT_RETURN_TYPE = YES_ERROR;
				GCC_WARN_UNDECLARED_SELECTOR = YES;
				GCC_WARN_UNINITIALIZED_AUTOS = YES_AGGRESSIVE;
				GCC_WARN_UNUSED_FUNCTION = YES;
				GCC_WARN_UNUSED_VARIABLE = YES;
				IPHONEOS_DEPLOYMENT_TARGET = 9.2;
				MTL_ENABLE_DEBUG_INFO = YES;
				ONLY_ACTIVE_ARCH = YES;
				SDKROOT = iphoneos;
				SWIFT_OPTIMIZATION_LEVEL = "-Onone";
				TARGETED_DEVICE_FAMILY = "1,2";
				VERSIONING_SYSTEM = "apple-generic";
				VERSION_INFO_PREFIX = "";
			};
			name = Debug;
		};
		F902ED191C68FA07007975F5 /* Release */ = {
			isa = XCBuildConfiguration;
			buildSettings = {
				ALWAYS_EMBED_SWIFT_STANDARD_LIBRARIES = NO;
				ALWAYS_SEARCH_USER_PATHS = NO;
				CLANG_CXX_LANGUAGE_STANDARD = "gnu++0x";
				CLANG_CXX_LIBRARY = "libc++";
				CLANG_ENABLE_MODULES = YES;
				CLANG_ENABLE_OBJC_ARC = YES;
				CLANG_WARN_BOOL_CONVERSION = YES;
				CLANG_WARN_CONSTANT_CONVERSION = YES;
				CLANG_WARN_DIRECT_OBJC_ISA_USAGE = YES_ERROR;
				CLANG_WARN_EMPTY_BODY = YES;
				CLANG_WARN_ENUM_CONVERSION = YES;
				CLANG_WARN_INFINITE_RECURSION = YES;
				CLANG_WARN_INT_CONVERSION = YES;
				CLANG_WARN_OBJC_ROOT_CLASS = YES_ERROR;
				CLANG_WARN_SUSPICIOUS_MOVE = YES;
				CLANG_WARN_UNREACHABLE_CODE = YES;
				CLANG_WARN__DUPLICATE_METHOD_MATCH = YES;
				"CODE_SIGN_IDENTITY[sdk=iphoneos*]" = "iPhone Developer";
				COPY_PHASE_STRIP = NO;
				CURRENT_PROJECT_VERSION = 1;
				DEBUG_INFORMATION_FORMAT = "dwarf-with-dsym";
				ENABLE_NS_ASSERTIONS = NO;
				ENABLE_STRICT_OBJC_MSGSEND = YES;
				GCC_C_LANGUAGE_STANDARD = gnu99;
				GCC_NO_COMMON_BLOCKS = YES;
				GCC_WARN_64_TO_32_BIT_CONVERSION = YES;
				GCC_WARN_ABOUT_RETURN_TYPE = YES_ERROR;
				GCC_WARN_UNDECLARED_SELECTOR = YES;
				GCC_WARN_UNINITIALIZED_AUTOS = YES_AGGRESSIVE;
				GCC_WARN_UNUSED_FUNCTION = YES;
				GCC_WARN_UNUSED_VARIABLE = YES;
				IPHONEOS_DEPLOYMENT_TARGET = 9.2;
				MTL_ENABLE_DEBUG_INFO = NO;
				SDKROOT = iphoneos;
				SWIFT_OPTIMIZATION_LEVEL = "-Owholemodule";
				TARGETED_DEVICE_FAMILY = "1,2";
				VALIDATE_PRODUCT = YES;
				VERSIONING_SYSTEM = "apple-generic";
				VERSION_INFO_PREFIX = "";
			};
			name = Release;
		};
		F902ED1B1C68FA07007975F5 /* Debug */ = {
			isa = XCBuildConfiguration;
			baseConfigurationReference = A18E642889421D018D913538 /* Pods-Simcoe.debug.xcconfig */;
			buildSettings = {
				CLANG_ENABLE_MODULES = YES;
				"CODE_SIGN_IDENTITY[sdk=iphoneos*]" = "";
				DEFINES_MODULE = YES;
				DYLIB_COMPATIBILITY_VERSION = 1;
				DYLIB_CURRENT_VERSION = 1;
				DYLIB_INSTALL_NAME_BASE = "@rpath";
				ENABLE_TESTABILITY = YES;
				INFOPLIST_FILE = Simcoe/Info.plist;
				INSTALL_PATH = "$(LOCAL_LIBRARY_DIR)/Frameworks";
				LD_RUNPATH_SEARCH_PATHS = "$(inherited) @executable_path/Frameworks @loader_path/Frameworks";
				MODULE_NAME = "";
				PRODUCT_BUNDLE_IDENTIFIER = com.prolificinteractive.Simcoe;
				PRODUCT_NAME = Simcoe;
				SKIP_INSTALL = YES;
				SWIFT_OBJC_BRIDGING_HEADER = "";
				SWIFT_OPTIMIZATION_LEVEL = "-Onone";
				SWIFT_VERSION = 2.3;
			};
			name = Debug;
		};
		F902ED1C1C68FA07007975F5 /* Release */ = {
			isa = XCBuildConfiguration;
			baseConfigurationReference = 2263C8490FF27BE31643EE8E /* Pods-Simcoe.release.xcconfig */;
			buildSettings = {
				CLANG_ENABLE_MODULES = YES;
				"CODE_SIGN_IDENTITY[sdk=iphoneos*]" = "";
				DEFINES_MODULE = YES;
				DYLIB_COMPATIBILITY_VERSION = 1;
				DYLIB_CURRENT_VERSION = 1;
				DYLIB_INSTALL_NAME_BASE = "@rpath";
				ENABLE_TESTABILITY = NO;
				INFOPLIST_FILE = Simcoe/Info.plist;
				INSTALL_PATH = "$(LOCAL_LIBRARY_DIR)/Frameworks";
				LD_RUNPATH_SEARCH_PATHS = "$(inherited) @executable_path/Frameworks @loader_path/Frameworks";
				MODULE_NAME = "";
				PRODUCT_BUNDLE_IDENTIFIER = com.prolificinteractive.Simcoe;
				PRODUCT_NAME = Simcoe;
				SKIP_INSTALL = YES;
				SWIFT_OBJC_BRIDGING_HEADER = "";
				SWIFT_VERSION = 2.3;
			};
			name = Release;
		};
/* End XCBuildConfiguration section */

/* Begin XCConfigurationList section */
		72897FE71C79E25800393482 /* Build configuration list for PBXNativeTarget "SimcoeTests" */ = {
			isa = XCConfigurationList;
			buildConfigurations = (
				72897FE51C79E25800393482 /* Debug */,
				72897FE61C79E25800393482 /* Release */,
			);
			defaultConfigurationIsVisible = 0;
			defaultConfigurationName = Release;
		};
		F902ED0C1C68FA07007975F5 /* Build configuration list for PBXProject "Simcoe" */ = {
			isa = XCConfigurationList;
			buildConfigurations = (
				F902ED181C68FA07007975F5 /* Debug */,
				F902ED191C68FA07007975F5 /* Release */,
			);
			defaultConfigurationIsVisible = 0;
			defaultConfigurationName = Release;
		};
		F902ED1A1C68FA07007975F5 /* Build configuration list for PBXNativeTarget "Simcoe" */ = {
			isa = XCConfigurationList;
			buildConfigurations = (
				F902ED1B1C68FA07007975F5 /* Debug */,
				F902ED1C1C68FA07007975F5 /* Release */,
			);
			defaultConfigurationIsVisible = 0;
			defaultConfigurationName = Release;
		};
/* End XCConfigurationList section */
	};
	rootObject = F902ED091C68FA07007975F5 /* Project object */;
}
